// !$*UTF8*$!
{
	archiveVersion = 1;
	classes = {
	};
	objectVersion = 56;
	objects = {

/* Begin PBXBuildFile section */
		4CB6CFAB296D9EE900E2A229 /* AppDelegate.swift in Sources */ = {isa = PBXBuildFile; fileRef = 4CB6CFAA296D9EE900E2A229 /* AppDelegate.swift */; };
		4CB6CFAD296D9EE900E2A229 /* SceneDelegate.swift in Sources */ = {isa = PBXBuildFile; fileRef = 4CB6CFAC296D9EE900E2A229 /* SceneDelegate.swift */; };
		4CB6CFAF296D9EE900E2A229 /* ViewController.swift in Sources */ = {isa = PBXBuildFile; fileRef = 4CB6CFAE296D9EE900E2A229 /* ViewController.swift */; };
		4CB6CFB2296D9EE900E2A229 /* Main.storyboard in Resources */ = {isa = PBXBuildFile; fileRef = 4CB6CFB0296D9EE900E2A229 /* Main.storyboard */; };
		4CB6CFB4296D9EEB00E2A229 /* Assets.xcassets in Resources */ = {isa = PBXBuildFile; fileRef = 4CB6CFB3296D9EEB00E2A229 /* Assets.xcassets */; };
		4CB6CFB7296D9EEB00E2A229 /* LaunchScreen.storyboard in Resources */ = {isa = PBXBuildFile; fileRef = 4CB6CFB5296D9EEB00E2A229 /* LaunchScreen.storyboard */; };
		4CB6CFC2296D9EEB00E2A229 /* TVShowsTests.swift in Sources */ = {isa = PBXBuildFile; fileRef = 4CB6CFC1296D9EEB00E2A229 /* TVShowsTests.swift */; };
		4CB6CFCC296D9EEB00E2A229 /* TVShowsUITests.swift in Sources */ = {isa = PBXBuildFile; fileRef = 4CB6CFCB296D9EEB00E2A229 /* TVShowsUITests.swift */; };
		4CB6CFCE296D9EEB00E2A229 /* TVShowsUITestsLaunchTests.swift in Sources */ = {isa = PBXBuildFile; fileRef = 4CB6CFCD296D9EEB00E2A229 /* TVShowsUITestsLaunchTests.swift */; };
/* End PBXBuildFile section */

/* Begin PBXContainerItemProxy section */
		4CB6CFBE296D9EEB00E2A229 /* PBXContainerItemProxy */ = {
			isa = PBXContainerItemProxy;
			containerPortal = 4CB6CF9F296D9EE900E2A229 /* Project object */;
			proxyType = 1;
			remoteGlobalIDString = 4CB6CFA6296D9EE900E2A229;
			remoteInfo = TVShows;
		};
		4CB6CFC8296D9EEB00E2A229 /* PBXContainerItemProxy */ = {
			isa = PBXContainerItemProxy;
			containerPortal = 4CB6CF9F296D9EE900E2A229 /* Project object */;
			proxyType = 1;
			remoteGlobalIDString = 4CB6CFA6296D9EE900E2A229;
			remoteInfo = TVShows;
		};
/* End PBXContainerItemProxy section */

/* Begin PBXFileReference section */
		4CB6CFA7296D9EE900E2A229 /* TVShows.app */ = {isa = PBXFileReference; explicitFileType = wrapper.application; includeInIndex = 0; path = TVShows.app; sourceTree = BUILT_PRODUCTS_DIR; };
		4CB6CFAA296D9EE900E2A229 /* AppDelegate.swift */ = {isa = PBXFileReference; lastKnownFileType = sourcecode.swift; path = AppDelegate.swift; sourceTree = "<group>"; };
		4CB6CFAC296D9EE900E2A229 /* SceneDelegate.swift */ = {isa = PBXFileReference; lastKnownFileType = sourcecode.swift; path = SceneDelegate.swift; sourceTree = "<group>"; };
		4CB6CFAE296D9EE900E2A229 /* ViewController.swift */ = {isa = PBXFileReference; lastKnownFileType = sourcecode.swift; path = ViewController.swift; sourceTree = "<group>"; };
		4CB6CFB1296D9EE900E2A229 /* Base */ = {isa = PBXFileReference; lastKnownFileType = file.storyboard; name = Base; path = Base.lproj/Main.storyboard; sourceTree = "<group>"; };
		4CB6CFB3296D9EEB00E2A229 /* Assets.xcassets */ = {isa = PBXFileReference; lastKnownFileType = folder.assetcatalog; path = Assets.xcassets; sourceTree = "<group>"; };
		4CB6CFB6296D9EEB00E2A229 /* Base */ = {isa = PBXFileReference; lastKnownFileType = file.storyboard; name = Base; path = Base.lproj/LaunchScreen.storyboard; sourceTree = "<group>"; };
		4CB6CFB8296D9EEB00E2A229 /* Info.plist */ = {isa = PBXFileReference; lastKnownFileType = text.plist.xml; path = Info.plist; sourceTree = "<group>"; };
		4CB6CFBD296D9EEB00E2A229 /* TVShowsTests.xctest */ = {isa = PBXFileReference; explicitFileType = wrapper.cfbundle; includeInIndex = 0; path = TVShowsTests.xctest; sourceTree = BUILT_PRODUCTS_DIR; };
		4CB6CFC1296D9EEB00E2A229 /* TVShowsTests.swift */ = {isa = PBXFileReference; lastKnownFileType = sourcecode.swift; path = TVShowsTests.swift; sourceTree = "<group>"; };
		4CB6CFC7296D9EEB00E2A229 /* TVShowsUITests.xctest */ = {isa = PBXFileReference; explicitFileType = wrapper.cfbundle; includeInIndex = 0; path = TVShowsUITests.xctest; sourceTree = BUILT_PRODUCTS_DIR; };
		4CB6CFCB296D9EEB00E2A229 /* TVShowsUITests.swift */ = {isa = PBXFileReference; lastKnownFileType = sourcecode.swift; path = TVShowsUITests.swift; sourceTree = "<group>"; };
		4CB6CFCD296D9EEB00E2A229 /* TVShowsUITestsLaunchTests.swift */ = {isa = PBXFileReference; lastKnownFileType = sourcecode.swift; path = TVShowsUITestsLaunchTests.swift; sourceTree = "<group>"; };
/* End PBXFileReference section */

/* Begin PBXFrameworksBuildPhase section */
		4CB6CFA4296D9EE900E2A229 /* Frameworks */ = {
			isa = PBXFrameworksBuildPhase;
			buildActionMask = 2147483647;
			files = (
			);
			runOnlyForDeploymentPostprocessing = 0;
		};
		4CB6CFBA296D9EEB00E2A229 /* Frameworks */ = {
			isa = PBXFrameworksBuildPhase;
			buildActionMask = 2147483647;
			files = (
			);
			runOnlyForDeploymentPostprocessing = 0;
		};
		4CB6CFC4296D9EEB00E2A229 /* Frameworks */ = {
			isa = PBXFrameworksBuildPhase;
			buildActionMask = 2147483647;
			files = (
			);
			runOnlyForDeploymentPostprocessing = 0;
		};
/* End PBXFrameworksBuildPhase section */

/* Begin PBXGroup section */
		4CB6CF9E296D9EE900E2A229 = {
			isa = PBXGroup;
			children = (
				4CB6CFA9296D9EE900E2A229 /* TVShows */,
				4CB6CFC0296D9EEB00E2A229 /* TVShowsTests */,
				4CB6CFCA296D9EEB00E2A229 /* TVShowsUITests */,
				4CB6CFA8296D9EE900E2A229 /* Products */,
			);
			sourceTree = "<group>";
		};
		4CB6CFA8296D9EE900E2A229 /* Products */ = {
			isa = PBXGroup;
			children = (
				4CB6CFA7296D9EE900E2A229 /* TVShows.app */,
				4CB6CFBD296D9EEB00E2A229 /* TVShowsTests.xctest */,
				4CB6CFC7296D9EEB00E2A229 /* TVShowsUITests.xctest */,
			);
			name = Products;
			sourceTree = "<group>";
		};
		4CB6CFA9296D9EE900E2A229 /* TVShows */ = {
			isa = PBXGroup;
			children = (
				4CB6CFAA296D9EE900E2A229 /* AppDelegate.swift */,
				4CB6CFAC296D9EE900E2A229 /* SceneDelegate.swift */,
				4CB6CFAE296D9EE900E2A229 /* ViewController.swift */,
				4CB6CFB0296D9EE900E2A229 /* Main.storyboard */,
				4CB6CFB3296D9EEB00E2A229 /* Assets.xcassets */,
				4CB6CFB5296D9EEB00E2A229 /* LaunchScreen.storyboard */,
				4CB6CFB8296D9EEB00E2A229 /* Info.plist */,
			);
			path = TVShows;
			sourceTree = "<group>";
		};
		4CB6CFC0296D9EEB00E2A229 /* TVShowsTests */ = {
			isa = PBXGroup;
			children = (
				4CB6CFC1296D9EEB00E2A229 /* TVShowsTests.swift */,
			);
			path = TVShowsTests;
			sourceTree = "<group>";
		};
		4CB6CFCA296D9EEB00E2A229 /* TVShowsUITests */ = {
			isa = PBXGroup;
			children = (
				4CB6CFCB296D9EEB00E2A229 /* TVShowsUITests.swift */,
				4CB6CFCD296D9EEB00E2A229 /* TVShowsUITestsLaunchTests.swift */,
			);
			path = TVShowsUITests;
			sourceTree = "<group>";
		};
/* End PBXGroup section */

/* Begin PBXNativeTarget section */
		4CB6CFA6296D9EE900E2A229 /* TVShows */ = {
			isa = PBXNativeTarget;
			buildConfigurationList = 4CB6CFD1296D9EEB00E2A229 /* Build configuration list for PBXNativeTarget "TVShows" */;
			buildPhases = (
				4CB6CFA3296D9EE900E2A229 /* Sources */,
				4CB6CFA4296D9EE900E2A229 /* Frameworks */,
				4CB6CFA5296D9EE900E2A229 /* Resources */,
			);
			buildRules = (
			);
			dependencies = (
			);
			name = TVShows;
			productName = TVShows;
			productReference = 4CB6CFA7296D9EE900E2A229 /* TVShows.app */;
			productType = "com.apple.product-type.application";
		};
		4CB6CFBC296D9EEB00E2A229 /* TVShowsTests */ = {
			isa = PBXNativeTarget;
			buildConfigurationList = 4CB6CFD4296D9EEB00E2A229 /* Build configuration list for PBXNativeTarget "TVShowsTests" */;
			buildPhases = (
				4CB6CFB9296D9EEB00E2A229 /* Sources */,
				4CB6CFBA296D9EEB00E2A229 /* Frameworks */,
				4CB6CFBB296D9EEB00E2A229 /* Resources */,
			);
			buildRules = (
			);
			dependencies = (
				4CB6CFBF296D9EEB00E2A229 /* PBXTargetDependency */,
			);
			name = TVShowsTests;
			productName = TVShowsTests;
			productReference = 4CB6CFBD296D9EEB00E2A229 /* TVShowsTests.xctest */;
			productType = "com.apple.product-type.bundle.unit-test";
		};
		4CB6CFC6296D9EEB00E2A229 /* TVShowsUITests */ = {
			isa = PBXNativeTarget;
			buildConfigurationList = 4CB6CFD7296D9EEB00E2A229 /* Build configuration list for PBXNativeTarget "TVShowsUITests" */;
			buildPhases = (
				4CB6CFC3296D9EEB00E2A229 /* Sources */,
				4CB6CFC4296D9EEB00E2A229 /* Frameworks */,
				4CB6CFC5296D9EEB00E2A229 /* Resources */,
			);
			buildRules = (
			);
			dependencies = (
				4CB6CFC9296D9EEB00E2A229 /* PBXTargetDependency */,
			);
			name = TVShowsUITests;
			productName = TVShowsUITests;
			productReference = 4CB6CFC7296D9EEB00E2A229 /* TVShowsUITests.xctest */;
			productType = "com.apple.product-type.bundle.ui-testing";
		};
/* End PBXNativeTarget section */

/* Begin PBXProject section */
		4CB6CF9F296D9EE900E2A229 /* Project object */ = {
			isa = PBXProject;
			attributes = {
				BuildIndependentTargetsInParallel = 1;
				LastSwiftUpdateCheck = 1420;
				LastUpgradeCheck = 1420;
				TargetAttributes = {
					4CB6CFA6296D9EE900E2A229 = {
						CreatedOnToolsVersion = 14.2;
					};
					4CB6CFBC296D9EEB00E2A229 = {
						CreatedOnToolsVersion = 14.2;
						TestTargetID = 4CB6CFA6296D9EE900E2A229;
					};
					4CB6CFC6296D9EEB00E2A229 = {
						CreatedOnToolsVersion = 14.2;
						TestTargetID = 4CB6CFA6296D9EE900E2A229;
					};
				};
			};
			buildConfigurationList = 4CB6CFA2296D9EE900E2A229 /* Build configuration list for PBXProject "TVShows" */;
			compatibilityVersion = "Xcode 14.0";
			developmentRegion = en;
			hasScannedForEncodings = 0;
			knownRegions = (
				en,
				Base,
			);
			mainGroup = 4CB6CF9E296D9EE900E2A229;
			productRefGroup = 4CB6CFA8296D9EE900E2A229 /* Products */;
			projectDirPath = "";
			projectRoot = "";
			targets = (
				4CB6CFA6296D9EE900E2A229 /* TVShows */,
				4CB6CFBC296D9EEB00E2A229 /* TVShowsTests */,
				4CB6CFC6296D9EEB00E2A229 /* TVShowsUITests */,
			);
		};
/* End PBXProject section */

/* Begin PBXResourcesBuildPhase section */
		4CB6CFA5296D9EE900E2A229 /* Resources */ = {
			isa = PBXResourcesBuildPhase;
			buildActionMask = 2147483647;
			files = (
				4CB6CFB7296D9EEB00E2A229 /* LaunchScreen.storyboard in Resources */,
				4CB6CFB4296D9EEB00E2A229 /* Assets.xcassets in Resources */,
				4CB6CFB2296D9EE900E2A229 /* Main.storyboard in Resources */,
			);
			runOnlyForDeploymentPostprocessing = 0;
		};
		4CB6CFBB296D9EEB00E2A229 /* Resources */ = {
			isa = PBXResourcesBuildPhase;
			buildActionMask = 2147483647;
			files = (
			);
			runOnlyForDeploymentPostprocessing = 0;
		};
		4CB6CFC5296D9EEB00E2A229 /* Resources */ = {
			isa = PBXResourcesBuildPhase;
			buildActionMask = 2147483647;
			files = (
			);
			runOnlyForDeploymentPostprocessing = 0;
		};
/* End PBXResourcesBuildPhase section */

/* Begin PBXSourcesBuildPhase section */
		4CB6CFA3296D9EE900E2A229 /* Sources */ = {
			isa = PBXSourcesBuildPhase;
			buildActionMask = 2147483647;
			files = (
				4CB6CFAF296D9EE900E2A229 /* ViewController.swift in Sources */,
				4CB6CFAB296D9EE900E2A229 /* AppDelegate.swift in Sources */,
				4CB6CFAD296D9EE900E2A229 /* SceneDelegate.swift in Sources */,
			);
			runOnlyForDeploymentPostprocessing = 0;
		};
		4CB6CFB9296D9EEB00E2A229 /* Sources */ = {
			isa = PBXSourcesBuildPhase;
			buildActionMask = 2147483647;
			files = (
				4CB6CFC2296D9EEB00E2A229 /* TVShowsTests.swift in Sources */,
			);
			runOnlyForDeploymentPostprocessing = 0;
		};
		4CB6CFC3296D9EEB00E2A229 /* Sources */ = {
			isa = PBXSourcesBuildPhase;
			buildActionMask = 2147483647;
			files = (
				4CB6CFCC296D9EEB00E2A229 /* TVShowsUITests.swift in Sources */,
				4CB6CFCE296D9EEB00E2A229 /* TVShowsUITestsLaunchTests.swift in Sources */,
			);
			runOnlyForDeploymentPostprocessing = 0;
		};
/* End PBXSourcesBuildPhase section */

/* Begin PBXTargetDependency section */
		4CB6CFBF296D9EEB00E2A229 /* PBXTargetDependency */ = {
			isa = PBXTargetDependency;
			target = 4CB6CFA6296D9EE900E2A229 /* TVShows */;
			targetProxy = 4CB6CFBE296D9EEB00E2A229 /* PBXContainerItemProxy */;
		};
		4CB6CFC9296D9EEB00E2A229 /* PBXTargetDependency */ = {
			isa = PBXTargetDependency;
			target = 4CB6CFA6296D9EE900E2A229 /* TVShows */;
			targetProxy = 4CB6CFC8296D9EEB00E2A229 /* PBXContainerItemProxy */;
		};
/* End PBXTargetDependency section */

/* Begin PBXVariantGroup section */
		4CB6CFB0296D9EE900E2A229 /* Main.storyboard */ = {
			isa = PBXVariantGroup;
			children = (
				4CB6CFB1296D9EE900E2A229 /* Base */,
			);
			name = Main.storyboard;
			sourceTree = "<group>";
		};
		4CB6CFB5296D9EEB00E2A229 /* LaunchScreen.storyboard */ = {
			isa = PBXVariantGroup;
			children = (
				4CB6CFB6296D9EEB00E2A229 /* Base */,
			);
			name = LaunchScreen.storyboard;
			sourceTree = "<group>";
		};
/* End PBXVariantGroup section */

/* Begin XCBuildConfiguration section */
		4CB6CFCF296D9EEB00E2A229 /* Debug */ = {
			isa = XCBuildConfiguration;
			buildSettings = {
				ALWAYS_SEARCH_USER_PATHS = NO;
				CLANG_ANALYZER_NONNULL = YES;
				CLANG_ANALYZER_NUMBER_OBJECT_CONVERSION = YES_AGGRESSIVE;
				CLANG_CXX_LANGUAGE_STANDARD = "gnu++20";
				CLANG_ENABLE_MODULES = YES;
				CLANG_ENABLE_OBJC_ARC = YES;
				CLANG_ENABLE_OBJC_WEAK = YES;
				CLANG_WARN_BLOCK_CAPTURE_AUTORELEASING = YES;
				CLANG_WARN_BOOL_CONVERSION = YES;
				CLANG_WARN_COMMA = YES;
				CLANG_WARN_CONSTANT_CONVERSION = YES;
				CLANG_WARN_DEPRECATED_OBJC_IMPLEMENTATIONS = YES;
				CLANG_WARN_DIRECT_OBJC_ISA_USAGE = YES_ERROR;
				CLANG_WARN_DOCUMENTATION_COMMENTS = YES;
				CLANG_WARN_EMPTY_BODY = YES;
				CLANG_WARN_ENUM_CONVERSION = YES;
				CLANG_WARN_INFINITE_RECURSION = YES;
				CLANG_WARN_INT_CONVERSION = YES;
				CLANG_WARN_NON_LITERAL_NULL_CONVERSION = YES;
				CLANG_WARN_OBJC_IMPLICIT_RETAIN_SELF = YES;
				CLANG_WARN_OBJC_LITERAL_CONVERSION = YES;
				CLANG_WARN_OBJC_ROOT_CLASS = YES_ERROR;
				CLANG_WARN_QUOTED_INCLUDE_IN_FRAMEWORK_HEADER = YES;
				CLANG_WARN_RANGE_LOOP_ANALYSIS = YES;
				CLANG_WARN_STRICT_PROTOTYPES = YES;
				CLANG_WARN_SUSPICIOUS_MOVE = YES;
				CLANG_WARN_UNGUARDED_AVAILABILITY = YES_AGGRESSIVE;
				CLANG_WARN_UNREACHABLE_CODE = YES;
				CLANG_WARN__DUPLICATE_METHOD_MATCH = YES;
				COPY_PHASE_STRIP = NO;
				DEBUG_INFORMATION_FORMAT = dwarf;
				ENABLE_STRICT_OBJC_MSGSEND = YES;
				ENABLE_TESTABILITY = YES;
				GCC_C_LANGUAGE_STANDARD = gnu11;
				GCC_DYNAMIC_NO_PIC = NO;
				GCC_NO_COMMON_BLOCKS = YES;
				GCC_OPTIMIZATION_LEVEL = 0;
				GCC_PREPROCESSOR_DEFINITIONS = (
					"DEBUG=1",
					"$(inherited)",
				);
				GCC_WARN_64_TO_32_BIT_CONVERSION = YES;
				GCC_WARN_ABOUT_RETURN_TYPE = YES_ERROR;
				GCC_WARN_UNDECLARED_SELECTOR = YES;
				GCC_WARN_UNINITIALIZED_AUTOS = YES_AGGRESSIVE;
				GCC_WARN_UNUSED_FUNCTION = YES;
				GCC_WARN_UNUSED_VARIABLE = YES;
				IPHONEOS_DEPLOYMENT_TARGET = 16.2;
				MTL_ENABLE_DEBUG_INFO = INCLUDE_SOURCE;
				MTL_FAST_MATH = YES;
				ONLY_ACTIVE_ARCH = YES;
				SDKROOT = iphoneos;
				SWIFT_ACTIVE_COMPILATION_CONDITIONS = DEBUG;
				SWIFT_OPTIMIZATION_LEVEL = "-Onone";
			};
			name = Debug;
		};
		4CB6CFD0296D9EEB00E2A229 /* Release */ = {
			isa = XCBuildConfiguration;
			buildSettings = {
				ALWAYS_SEARCH_USER_PATHS = NO;
				CLANG_ANALYZER_NONNULL = YES;
				CLANG_ANALYZER_NUMBER_OBJECT_CONVERSION = YES_AGGRESSIVE;
				CLANG_CXX_LANGUAGE_STANDARD = "gnu++20";
				CLANG_ENABLE_MODULES = YES;
				CLANG_ENABLE_OBJC_ARC = YES;
				CLANG_ENABLE_OBJC_WEAK = YES;
				CLANG_WARN_BLOCK_CAPTURE_AUTORELEASING = YES;
				CLANG_WARN_BOOL_CONVERSION = YES;
				CLANG_WARN_COMMA = YES;
				CLANG_WARN_CONSTANT_CONVERSION = YES;
				CLANG_WARN_DEPRECATED_OBJC_IMPLEMENTATIONS = YES;
				CLANG_WARN_DIRECT_OBJC_ISA_USAGE = YES_ERROR;
				CLANG_WARN_DOCUMENTATION_COMMENTS = YES;
				CLANG_WARN_EMPTY_BODY = YES;
				CLANG_WARN_ENUM_CONVERSION = YES;
				CLANG_WARN_INFINITE_RECURSION = YES;
				CLANG_WARN_INT_CONVERSION = YES;
				CLANG_WARN_NON_LITERAL_NULL_CONVERSION = YES;
				CLANG_WARN_OBJC_IMPLICIT_RETAIN_SELF = YES;
				CLANG_WARN_OBJC_LITERAL_CONVERSION = YES;
				CLANG_WARN_OBJC_ROOT_CLASS = YES_ERROR;
				CLANG_WARN_QUOTED_INCLUDE_IN_FRAMEWORK_HEADER = YES;
				CLANG_WARN_RANGE_LOOP_ANALYSIS = YES;
				CLANG_WARN_STRICT_PROTOTYPES = YES;
				CLANG_WARN_SUSPICIOUS_MOVE = YES;
				CLANG_WARN_UNGUARDED_AVAILABILITY = YES_AGGRESSIVE;
				CLANG_WARN_UNREACHABLE_CODE = YES;
				CLANG_WARN__DUPLICATE_METHOD_MATCH = YES;
				COPY_PHASE_STRIP = NO;
				DEBUG_INFORMATION_FORMAT = "dwarf-with-dsym";
				ENABLE_NS_ASSERTIONS = NO;
				ENABLE_STRICT_OBJC_MSGSEND = YES;
				GCC_C_LANGUAGE_STANDARD = gnu11;
				GCC_NO_COMMON_BLOCKS = YES;
				GCC_WARN_64_TO_32_BIT_CONVERSION = YES;
				GCC_WARN_ABOUT_RETURN_TYPE = YES_ERROR;
				GCC_WARN_UNDECLARED_SELECTOR = YES;
				GCC_WARN_UNINITIALIZED_AUTOS = YES_AGGRESSIVE;
				GCC_WARN_UNUSED_FUNCTION = YES;
				GCC_WARN_UNUSED_VARIABLE = YES;
				IPHONEOS_DEPLOYMENT_TARGET = 16.2;
				MTL_ENABLE_DEBUG_INFO = NO;
				MTL_FAST_MATH = YES;
				SDKROOT = iphoneos;
				SWIFT_COMPILATION_MODE = wholemodule;
				SWIFT_OPTIMIZATION_LEVEL = "-O";
				VALIDATE_PRODUCT = YES;
			};
			name = Release;
		};
		4CB6CFD2296D9EEB00E2A229 /* Debug */ = {
			isa = XCBuildConfiguration;
			buildSettings = {
				ASSETCATALOG_COMPILER_APPICON_NAME = AppIcon;
				ASSETCATALOG_COMPILER_GLOBAL_ACCENT_COLOR_NAME = AccentColor;
				CODE_SIGN_STYLE = Automatic;
				CURRENT_PROJECT_VERSION = 1;
				DEVELOPMENT_TEAM = H7BM7N56V5;
				GENERATE_INFOPLIST_FILE = YES;
				INFOPLIST_FILE = TVShows/Info.plist;
				INFOPLIST_KEY_UIApplicationSupportsIndirectInputEvents = YES;
				INFOPLIST_KEY_UILaunchStoryboardName = LaunchScreen;
				INFOPLIST_KEY_UIMainStoryboardFile = Main;
				INFOPLIST_KEY_UISupportedInterfaceOrientations_iPad = "UIInterfaceOrientationPortrait UIInterfaceOrientationPortraitUpsideDown UIInterfaceOrientationLandscapeLeft UIInterfaceOrientationLandscapeRight";
				INFOPLIST_KEY_UISupportedInterfaceOrientations_iPhone = "UIInterfaceOrientationPortrait UIInterfaceOrientationLandscapeLeft UIInterfaceOrientationLandscapeRight";
				LD_RUNPATH_SEARCH_PATHS = (
					"$(inherited)",
					"@executable_path/Frameworks",
				);
				MARKETING_VERSION = 1.0;
				PRODUCT_BUNDLE_IDENTIFIER = com.vcoutasso.TVShows;
				PRODUCT_NAME = "$(TARGET_NAME)";
				SWIFT_EMIT_LOC_STRINGS = YES;
				SWIFT_VERSION = 5.0;
				TARGETED_DEVICE_FAMILY = "1,2";
			};
			name = Debug;
		};
		4CB6CFD3296D9EEB00E2A229 /* Release */ = {
			isa = XCBuildConfiguration;
			buildSettings = {
				ASSETCATALOG_COMPILER_APPICON_NAME = AppIcon;
				ASSETCATALOG_COMPILER_GLOBAL_ACCENT_COLOR_NAME = AccentColor;
				CODE_SIGN_STYLE = Automatic;
				CURRENT_PROJECT_VERSION = 1;
				DEVELOPMENT_TEAM = H7BM7N56V5;
				GENERATE_INFOPLIST_FILE = YES;
				INFOPLIST_FILE = TVShows/Info.plist;
				INFOPLIST_KEY_UIApplicationSupportsIndirectInputEvents = YES;
				INFOPLIST_KEY_UILaunchStoryboardName = LaunchScreen;
				INFOPLIST_KEY_UIMainStoryboardFile = Main;
				INFOPLIST_KEY_UISupportedInterfaceOrientations_iPad = "UIInterfaceOrientationPortrait UIInterfaceOrientationPortraitUpsideDown UIInterfaceOrientationLandscapeLeft UIInterfaceOrientationLandscapeRight";
				INFOPLIST_KEY_UISupportedInterfaceOrientations_iPhone = "UIInterfaceOrientationPortrait UIInterfaceOrientationLandscapeLeft UIInterfaceOrientationLandscapeRight";
				LD_RUNPATH_SEARCH_PATHS = (
					"$(inherited)",
					"@executable_path/Frameworks",
				);
				MARKETING_VERSION = 1.0;
				PRODUCT_BUNDLE_IDENTIFIER = com.vcoutasso.TVShows;
				PRODUCT_NAME = "$(TARGET_NAME)";
				SWIFT_EMIT_LOC_STRINGS = YES;
				SWIFT_VERSION = 5.0;
				TARGETED_DEVICE_FAMILY = "1,2";
			};
			name = Release;
		};
		4CB6CFD5296D9EEB00E2A229 /* Debug */ = {
			isa = XCBuildConfiguration;
			buildSettings = {
				ALWAYS_EMBED_SWIFT_STANDARD_LIBRARIES = YES;
				BUNDLE_LOADER = "$(TEST_HOST)";
				CODE_SIGN_STYLE = Automatic;
				CURRENT_PROJECT_VERSION = 1;
				DEVELOPMENT_TEAM = H7BM7N56V5;
				GENERATE_INFOPLIST_FILE = YES;
				IPHONEOS_DEPLOYMENT_TARGET = 16.2;
				MARKETING_VERSION = 1.0;
				PRODUCT_BUNDLE_IDENTIFIER = com.vcoutasso.TVShowsTests;
				PRODUCT_NAME = "$(TARGET_NAME)";
				SWIFT_EMIT_LOC_STRINGS = NO;
				SWIFT_VERSION = 5.0;
				TARGETED_DEVICE_FAMILY = "1,2";
				TEST_HOST = "$(BUILT_PRODUCTS_DIR)/TVShows.app/$(BUNDLE_EXECUTABLE_FOLDER_PATH)/TVShows";
			};
			name = Debug;
		};
		4CB6CFD6296D9EEB00E2A229 /* Release */ = {
			isa = XCBuildConfiguration;
			buildSettings = {
				ALWAYS_EMBED_SWIFT_STANDARD_LIBRARIES = YES;
				BUNDLE_LOADER = "$(TEST_HOST)";
				CODE_SIGN_STYLE = Automatic;
				CURRENT_PROJECT_VERSION = 1;
				DEVELOPMENT_TEAM = H7BM7N56V5;
				GENERATE_INFOPLIST_FILE = YES;
				IPHONEOS_DEPLOYMENT_TARGET = 16.2;
				MARKETING_VERSION = 1.0;
				PRODUCT_BUNDLE_IDENTIFIER = com.vcoutasso.TVShowsTests;
				PRODUCT_NAME = "$(TARGET_NAME)";
				SWIFT_EMIT_LOC_STRINGS = NO;
				SWIFT_VERSION = 5.0;
				TARGETED_DEVICE_FAMILY = "1,2";
				TEST_HOST = "$(BUILT_PRODUCTS_DIR)/TVShows.app/$(BUNDLE_EXECUTABLE_FOLDER_PATH)/TVShows";
			};
			name = Release;
		};
		4CB6CFD8296D9EEB00E2A229 /* Debug */ = {
			isa = XCBuildConfiguration;
			buildSettings = {
				ALWAYS_EMBED_SWIFT_STANDARD_LIBRARIES = YES;
				CODE_SIGN_STYLE = Automatic;
				CURRENT_PROJECT_VERSION = 1;
				DEVELOPMENT_TEAM = H7BM7N56V5;
				GENERATE_INFOPLIST_FILE = YES;
				MARKETING_VERSION = 1.0;
				PRODUCT_BUNDLE_IDENTIFIER = com.vcoutasso.TVShowsUITests;
				PRODUCT_NAME = "$(TARGET_NAME)";
				SWIFT_EMIT_LOC_STRINGS = NO;
				SWIFT_VERSION = 5.0;
				TARGETED_DEVICE_FAMILY = "1,2";
				TEST_TARGET_NAME = TVShows;
			};
			name = Debug;
		};
		4CB6CFD9296D9EEB00E2A229 /* Release */ = {
			isa = XCBuildConfiguration;
			buildSettings = {
				ALWAYS_EMBED_SWIFT_STANDARD_LIBRARIES = YES;
				CODE_SIGN_STYLE = Automatic;
				CURRENT_PROJECT_VERSION = 1;
				DEVELOPMENT_TEAM = H7BM7N56V5;
				GENERATE_INFOPLIST_FILE = YES;
				MARKETING_VERSION = 1.0;
				PRODUCT_BUNDLE_IDENTIFIER = com.vcoutasso.TVShowsUITests;
				PRODUCT_NAME = "$(TARGET_NAME)";
				SWIFT_EMIT_LOC_STRINGS = NO;
				SWIFT_VERSION = 5.0;
				TARGETED_DEVICE_FAMILY = "1,2";
				TEST_TARGET_NAME = TVShows;
			};
			name = Release;
		};
/* End XCBuildConfiguration section */

/* Begin XCConfigurationList section */
		4CB6CFA2296D9EE900E2A229 /* Build configuration list for PBXProject "TVShows" */ = {
			isa = XCConfigurationList;
			buildConfigurations = (
				4CB6CFCF296D9EEB00E2A229 /* Debug */,
				4CB6CFD0296D9EEB00E2A229 /* Release */,
			);
			defaultConfigurationIsVisible = 0;
			defaultConfigurationName = Release;
		};
		4CB6CFD1296D9EEB00E2A229 /* Build configuration list for PBXNativeTarget "TVShows" */ = {
			isa = XCConfigurationList;
			buildConfigurations = (
				4CB6CFD2296D9EEB00E2A229 /* Debug */,
				4CB6CFD3296D9EEB00E2A229 /* Release */,
			);
			defaultConfigurationIsVisible = 0;
			defaultConfigurationName = Release;
		};
		4CB6CFD4296D9EEB00E2A229 /* Build configuration list for PBXNativeTarget "TVShowsTests" */ = {
			isa = XCConfigurationList;
			buildConfigurations = (
				4CB6CFD5296D9EEB00E2A229 /* Debug */,
				4CB6CFD6296D9EEB00E2A229 /* Release */,
			);
			defaultConfigurationIsVisible = 0;
			defaultConfigurationName = Release;
		};
		4CB6CFD7296D9EEB00E2A229 /* Build configuration list for PBXNativeTarget "TVShowsUITests" */ = {
			isa = XCConfigurationList;
			buildConfigurations = (
				4CB6CFD8296D9EEB00E2A229 /* Debug */,
				4CB6CFD9296D9EEB00E2A229 /* Release */,
			);
			defaultConfigurationIsVisible = 0;
			defaultConfigurationName = Release;
		};
/* End XCConfigurationList section */
	};
	rootObject = 4CB6CF9F296D9EE900E2A229 /* Project object */;
}
