// !$*UTF8*$!
{
	archiveVersion = 1;
	classes = {
	};
	objectVersion = 56;
	objects = {

/* Begin PBXBuildFile section */
		4C08F1742970889A00FDA2C9 /* TVShowDetailsInfoSeasonHeaderView.swift in Sources */ = {isa = PBXBuildFile; fileRef = 4C08F1732970889A00FDA2C9 /* TVShowDetailsInfoSeasonHeaderView.swift */; };
		4C08F1762970A0AE00FDA2C9 /* TVShowDetailsInfoSeasonHeaderViewModel.swift in Sources */ = {isa = PBXBuildFile; fileRef = 4C08F1752970A0AE00FDA2C9 /* TVShowDetailsInfoSeasonHeaderViewModel.swift */; };
		4C08F1782970AF7200FDA2C9 /* TVShowListViewCollectionViewAdapterSpy.swift in Sources */ = {isa = PBXBuildFile; fileRef = 4C08F1772970AF7200FDA2C9 /* TVShowListViewCollectionViewAdapterSpy.swift */; };
		4C08F17A2970B08100FDA2C9 /* TVShowEpisodeDetailsViewController.swift in Sources */ = {isa = PBXBuildFile; fileRef = 4C08F1792970B08100FDA2C9 /* TVShowEpisodeDetailsViewController.swift */; };
		4C08F17C2970BE2A00FDA2C9 /* TVShowEpisodeDetailsViewControllerFactory.swift in Sources */ = {isa = PBXBuildFile; fileRef = 4C08F17B2970BE2A00FDA2C9 /* TVShowEpisodeDetailsViewControllerFactory.swift */; };
		4C08F17E2970BE6600FDA2C9 /* TVShowEpisodeDetailsView.swift in Sources */ = {isa = PBXBuildFile; fileRef = 4C08F17D2970BE6600FDA2C9 /* TVShowEpisodeDetailsView.swift */; };
		4C08F1802970BEA900FDA2C9 /* TVShowEpisodeDetailsViewModel.swift in Sources */ = {isa = PBXBuildFile; fileRef = 4C08F17F2970BEA900FDA2C9 /* TVShowEpisodeDetailsViewModel.swift */; };
		4C08F1822970C6EB00FDA2C9 /* TVShowEpisodeDetailsViewFactory.swift in Sources */ = {isa = PBXBuildFile; fileRef = 4C08F1812970C6EB00FDA2C9 /* TVShowEpisodeDetailsViewFactory.swift */; };
		4C08F1852970DD4300FDA2C9 /* DataPersisting.swift in Sources */ = {isa = PBXBuildFile; fileRef = 4C08F1842970DD4300FDA2C9 /* DataPersisting.swift */; };
		4C08F1872970DD9600FDA2C9 /* CoreDataStore.swift in Sources */ = {isa = PBXBuildFile; fileRef = 4C08F1862970DD9600FDA2C9 /* CoreDataStore.swift */; };
		4C08F18E2970DF2B00FDA2C9 /* CoreDataModel.xcdatamodeld in Sources */ = {isa = PBXBuildFile; fileRef = 4C08F18B2970DF2B00FDA2C9 /* CoreDataModel.xcdatamodeld */; };
		4C625383296DBECB006AC733 /* TVMazeService.swift in Sources */ = {isa = PBXBuildFile; fileRef = 4C625382296DBECB006AC733 /* TVMazeService.swift */; };
		4C625386296DEEB7006AC733 /* NetworkRequesting.swift in Sources */ = {isa = PBXBuildFile; fileRef = 4C625385296DEEB7006AC733 /* NetworkRequesting.swift */; };
		4C625388296DEF39006AC733 /* NetworkSession.swift in Sources */ = {isa = PBXBuildFile; fileRef = 4C625387296DEF39006AC733 /* NetworkSession.swift */; };
		4C62538C296DF192006AC733 /* NetworkSessionSpy.swift in Sources */ = {isa = PBXBuildFile; fileRef = 4C62538B296DF192006AC733 /* NetworkSessionSpy.swift */; };
		4C62538F296DF450006AC733 /* NetworkURLSessionStub.swift in Sources */ = {isa = PBXBuildFile; fileRef = 4C62538E296DF450006AC733 /* NetworkURLSessionStub.swift */; };
		4C625391296DF719006AC733 /* NetworkSessionURLSession.swift in Sources */ = {isa = PBXBuildFile; fileRef = 4C625390296DF719006AC733 /* NetworkSessionURLSession.swift */; };
		4C625394296DF775006AC733 /* URLSession+.swift in Sources */ = {isa = PBXBuildFile; fileRef = 4C625393296DF775006AC733 /* URLSession+.swift */; };
		4C625397296DFBD8006AC733 /* NetworkSessionTests.swift in Sources */ = {isa = PBXBuildFile; fileRef = 4C625396296DFBD8006AC733 /* NetworkSessionTests.swift */; };
		4C625399296E0400006AC733 /* Fixtures.swift in Sources */ = {isa = PBXBuildFile; fileRef = 4C625398296E0400006AC733 /* Fixtures.swift */; };
		4C62539B296E0885006AC733 /* TVMazeServiceTests.swift in Sources */ = {isa = PBXBuildFile; fileRef = 4C62539A296E0885006AC733 /* TVMazeServiceTests.swift */; };
		4C62539D296E0DFC006AC733 /* JSONDecoding.swift in Sources */ = {isa = PBXBuildFile; fileRef = 4C62539C296E0DFC006AC733 /* JSONDecoding.swift */; };
		4C62539F296E0E5F006AC733 /* JSONDecoder+.swift in Sources */ = {isa = PBXBuildFile; fileRef = 4C62539E296E0E5F006AC733 /* JSONDecoder+.swift */; };
		4C6253A1296E0EEF006AC733 /* JSONDecoderStub.swift in Sources */ = {isa = PBXBuildFile; fileRef = 4C6253A0296E0EEF006AC733 /* JSONDecoderStub.swift */; };
		4C6253A4296E174D006AC733 /* CachedImageLoader.swift in Sources */ = {isa = PBXBuildFile; fileRef = 4C6253A3296E174D006AC733 /* CachedImageLoader.swift */; };
		4C6253A6296E1A71006AC733 /* CachedImageLoaderTests.swift in Sources */ = {isa = PBXBuildFile; fileRef = 4C6253A5296E1A71006AC733 /* CachedImageLoaderTests.swift */; };
		4C6253AC296E1E94006AC733 /* TVShowsListView.swift in Sources */ = {isa = PBXBuildFile; fileRef = 4C6253AB296E1E94006AC733 /* TVShowsListView.swift */; };
		4C6253B0296E2040006AC733 /* TVShowsListViewModel.swift in Sources */ = {isa = PBXBuildFile; fileRef = 4C6253AF296E2040006AC733 /* TVShowsListViewModel.swift */; };
		4C6253B2296E265C006AC733 /* UIView+.swift in Sources */ = {isa = PBXBuildFile; fileRef = 4C6253B1296E265C006AC733 /* UIView+.swift */; };
		4C6253B4296E2A8B006AC733 /* ReusableView.swift in Sources */ = {isa = PBXBuildFile; fileRef = 4C6253B3296E2A8B006AC733 /* ReusableView.swift */; };
		4C6253B6296E2B18006AC733 /* TVShowsListCollectionViewCell.swift in Sources */ = {isa = PBXBuildFile; fileRef = 4C6253B5296E2B18006AC733 /* TVShowsListCollectionViewCell.swift */; };
		4C6253B8296E2B57006AC733 /* UICollectionView+.swift in Sources */ = {isa = PBXBuildFile; fileRef = 4C6253B7296E2B57006AC733 /* UICollectionView+.swift */; };
		4C6253BA296E2EEE006AC733 /* TVShowsListCollectionViewCellViewModel.swift in Sources */ = {isa = PBXBuildFile; fileRef = 4C6253B9296E2EEE006AC733 /* TVShowsListCollectionViewCellViewModel.swift */; };
		4C6253BF296E387A006AC733 /* TVShowsListViewTests.swift in Sources */ = {isa = PBXBuildFile; fileRef = 4C6253BE296E387A006AC733 /* TVShowsListViewTests.swift */; };
		4C6253C1296E3899006AC733 /* TVShowsListViewModelSpy.swift in Sources */ = {isa = PBXBuildFile; fileRef = 4C6253C0296E3899006AC733 /* TVShowsListViewModelSpy.swift */; };
		4C6253C3296E3BCA006AC733 /* TVShowsListCollectionViewCellViewModelSpy.swift in Sources */ = {isa = PBXBuildFile; fileRef = 4C6253C2296E3BCA006AC733 /* TVShowsListCollectionViewCellViewModelSpy.swift */; };
		4C6253C5296E3D24006AC733 /* ImageLoaderStub.swift in Sources */ = {isa = PBXBuildFile; fileRef = 4C6253C4296E3D24006AC733 /* ImageLoaderStub.swift */; };
		4C6253C7296E3E13006AC733 /* TVShowsListCollectionViewCellTests.swift in Sources */ = {isa = PBXBuildFile; fileRef = 4C6253C6296E3E13006AC733 /* TVShowsListCollectionViewCellTests.swift */; };
		4C6253CA296E40F8006AC733 /* TVShowsListViewModelTests.swift in Sources */ = {isa = PBXBuildFile; fileRef = 4C6253C9296E40F8006AC733 /* TVShowsListViewModelTests.swift */; };
		4C6253CC296E4125006AC733 /* TVMazeAPIServiceSpy.swift in Sources */ = {isa = PBXBuildFile; fileRef = 4C6253CB296E4125006AC733 /* TVMazeAPIServiceSpy.swift */; };
		4C6253CE296E42AF006AC733 /* TVShowsListCollectionViewCellViewModelTests.swift in Sources */ = {isa = PBXBuildFile; fileRef = 4C6253CD296E42AF006AC733 /* TVShowsListCollectionViewCellViewModelTests.swift */; };
		4C6253D0296E4658006AC733 /* UIFont+.swift in Sources */ = {isa = PBXBuildFile; fileRef = 4C6253CF296E4658006AC733 /* UIFont+.swift */; };
		4C6253D6296E4FB7006AC733 /* LoadingCollectionViewFooter.swift in Sources */ = {isa = PBXBuildFile; fileRef = 4C6253D5296E4FB7006AC733 /* LoadingCollectionViewFooter.swift */; };
		4C6C258D296EEEA00004FB3F /* TVMazePathComponents.swift in Sources */ = {isa = PBXBuildFile; fileRef = 4C6C258C296EEEA00004FB3F /* TVMazePathComponents.swift */; };
		4C6C258F296EEF3B0004FB3F /* TVMazeQueryItems.swift in Sources */ = {isa = PBXBuildFile; fileRef = 4C6C258E296EEF3B0004FB3F /* TVMazeQueryItems.swift */; };
		4C6C2591296EF8550004FB3F /* String+.swift in Sources */ = {isa = PBXBuildFile; fileRef = 4C6C2590296EF8550004FB3F /* String+.swift */; };
		4C6C2593296F065C0004FB3F /* TVShowsListViewModelDelegateSpy.swift in Sources */ = {isa = PBXBuildFile; fileRef = 4C6C2592296F065C0004FB3F /* TVShowsListViewModelDelegateSpy.swift */; };
		4C6C2596296F32A30004FB3F /* TVMazeFuzzySearchResults.swift in Sources */ = {isa = PBXBuildFile; fileRef = 4C6C2595296F32A30004FB3F /* TVMazeFuzzySearchResults.swift */; };
		4C6C2599296F421B0004FB3F /* TVShowDetailsViewController.swift in Sources */ = {isa = PBXBuildFile; fileRef = 4C6C2598296F421B0004FB3F /* TVShowDetailsViewController.swift */; };
		4C6C259B296F46BA0004FB3F /* TVShowDetailsView.swift in Sources */ = {isa = PBXBuildFile; fileRef = 4C6C259A296F46BA0004FB3F /* TVShowDetailsView.swift */; };
		4C6C259D296F46D10004FB3F /* TVShowDetailsViewModel.swift in Sources */ = {isa = PBXBuildFile; fileRef = 4C6C259C296F46D10004FB3F /* TVShowDetailsViewModel.swift */; };
		4C6C25A0296F5E200004FB3F /* TVShowListViewCollectionViewAdapter.swift in Sources */ = {isa = PBXBuildFile; fileRef = 4C6C259F296F5E200004FB3F /* TVShowListViewCollectionViewAdapter.swift */; };
		4C6C25A3296F64190004FB3F /* TVShowsListViewControllerFactory.swift in Sources */ = {isa = PBXBuildFile; fileRef = 4C6C25A2296F64190004FB3F /* TVShowsListViewControllerFactory.swift */; };
		4C6C25A5296F64AC0004FB3F /* TVShowsListViewFactory.swift in Sources */ = {isa = PBXBuildFile; fileRef = 4C6C25A4296F64AC0004FB3F /* TVShowsListViewFactory.swift */; };
		4C6C25A7296F68330004FB3F /* TVShowDetailsViewControllerFactory.swift in Sources */ = {isa = PBXBuildFile; fileRef = 4C6C25A6296F68330004FB3F /* TVShowDetailsViewControllerFactory.swift */; };
		4C6C25A9296F685B0004FB3F /* TVShowDetailsViewFactory.swift in Sources */ = {isa = PBXBuildFile; fileRef = 4C6C25A8296F685B0004FB3F /* TVShowDetailsViewFactory.swift */; };
		4C6C25AB296F69BA0004FB3F /* TVShowsListSearchController.swift in Sources */ = {isa = PBXBuildFile; fileRef = 4C6C25AA296F69BA0004FB3F /* TVShowsListSearchController.swift */; };
		4C6C25AD296F7C720004FB3F /* TVMazeRating.swift in Sources */ = {isa = PBXBuildFile; fileRef = 4C6C25AC296F7C720004FB3F /* TVMazeRating.swift */; };
		4C6C25AF296F7F9A0004FB3F /* Date+.swift in Sources */ = {isa = PBXBuildFile; fileRef = 4C6C25AE296F7F9A0004FB3F /* Date+.swift */; };
		4C6C25B1296F84DD0004FB3F /* CircularProgressIndicatorView.swift in Sources */ = {isa = PBXBuildFile; fileRef = 4C6C25B0296F84DD0004FB3F /* CircularProgressIndicatorView.swift */; };
		4C6C25B3296FA3E30004FB3F /* StretchyImageHeaderView.swift in Sources */ = {isa = PBXBuildFile; fileRef = 4C6C25B2296FA3E30004FB3F /* StretchyImageHeaderView.swift */; };
		4C6C25B7296FAA8F0004FB3F /* TVShowDetailsViewCollectionViewAdapter.swift in Sources */ = {isa = PBXBuildFile; fileRef = 4C6C25B6296FAA8F0004FB3F /* TVShowDetailsViewCollectionViewAdapter.swift */; };
		4C6C25B9296FAE0B0004FB3F /* TVShowDetailsInfoCollectionViewCell.swift in Sources */ = {isa = PBXBuildFile; fileRef = 4C6C25B8296FAE0B0004FB3F /* TVShowDetailsInfoCollectionViewCell.swift */; };
		4CAE89A1297105A300083877 /* Coordinator.swift in Sources */ = {isa = PBXBuildFile; fileRef = 4CAE89A0297105A300083877 /* Coordinator.swift */; };
		4CAE89A3297107A100083877 /* FlowRoute.swift in Sources */ = {isa = PBXBuildFile; fileRef = 4CAE89A2297107A100083877 /* FlowRoute.swift */; };
		4CAE89A729710A0300083877 /* TVShowsPeopleViewController.swift in Sources */ = {isa = PBXBuildFile; fileRef = 4CAE89A629710A0300083877 /* TVShowsPeopleViewController.swift */; };
		4CAE89AB29710A5800083877 /* FavoriteTVShowsViewController.swift in Sources */ = {isa = PBXBuildFile; fileRef = 4CAE89AA29710A5800083877 /* FavoriteTVShowsViewController.swift */; };
		4CAE89AD297110F200083877 /* MainCoordinator.swift in Sources */ = {isa = PBXBuildFile; fileRef = 4CAE89AC297110F200083877 /* MainCoordinator.swift */; };
		4CAE89B02971114600083877 /* FlowCoordinator.swift in Sources */ = {isa = PBXBuildFile; fileRef = 4CAE89AF2971114600083877 /* FlowCoordinator.swift */; };
		4CAE89B22971136200083877 /* Coordinated.swift in Sources */ = {isa = PBXBuildFile; fileRef = 4CAE89B12971136200083877 /* Coordinated.swift */; };
		4CAE89B4297113C400083877 /* TabCoordinator.swift in Sources */ = {isa = PBXBuildFile; fileRef = 4CAE89B3297113C400083877 /* TabCoordinator.swift */; };
		4CAE89B72971161000083877 /* ShowsFlowCoordinator.swift in Sources */ = {isa = PBXBuildFile; fileRef = 4CAE89B62971161000083877 /* ShowsFlowCoordinator.swift */; };
		4CAE89B92971162700083877 /* PeopleFlowCoordinator.swift in Sources */ = {isa = PBXBuildFile; fileRef = 4CAE89B82971162700083877 /* PeopleFlowCoordinator.swift */; };
		4CAE89BB2971164600083877 /* FavoritesFlowCoordinator.swift in Sources */ = {isa = PBXBuildFile; fileRef = 4CAE89BA2971164600083877 /* FavoritesFlowCoordinator.swift */; };
		4CB6CFAB296D9EE900E2A229 /* AppDelegate.swift in Sources */ = {isa = PBXBuildFile; fileRef = 4CB6CFAA296D9EE900E2A229 /* AppDelegate.swift */; };
		4CB6CFAD296D9EE900E2A229 /* SceneDelegate.swift in Sources */ = {isa = PBXBuildFile; fileRef = 4CB6CFAC296D9EE900E2A229 /* SceneDelegate.swift */; };
		4CB6CFAF296D9EE900E2A229 /* TVShowsListViewController.swift in Sources */ = {isa = PBXBuildFile; fileRef = 4CB6CFAE296D9EE900E2A229 /* TVShowsListViewController.swift */; };
		4CB6CFB4296D9EEB00E2A229 /* Assets.xcassets in Resources */ = {isa = PBXBuildFile; fileRef = 4CB6CFB3296D9EEB00E2A229 /* Assets.xcassets */; };
		4CB6CFB7296D9EEB00E2A229 /* LaunchScreen.storyboard in Resources */ = {isa = PBXBuildFile; fileRef = 4CB6CFB5296D9EEB00E2A229 /* LaunchScreen.storyboard */; };
		4CB6CFDC296DA16B00E2A229 /* TVShow.swift in Sources */ = {isa = PBXBuildFile; fileRef = 4CB6CFDB296DA16B00E2A229 /* TVShow.swift */; };
		4CB6CFDE296DA64600E2A229 /* TVShowSchedule.swift in Sources */ = {isa = PBXBuildFile; fileRef = 4CB6CFDD296DA64600E2A229 /* TVShowSchedule.swift */; };
		4CB6CFE1296DA70C00E2A229 /* UnderTheDome.json in Resources */ = {isa = PBXBuildFile; fileRef = 4CB6CFE0296DA70C00E2A229 /* UnderTheDome.json */; };
		4CB6CFE4296DA79300E2A229 /* TVShowTests.swift in Sources */ = {isa = PBXBuildFile; fileRef = 4CB6CFE3296DA79300E2A229 /* TVShowTests.swift */; };
		4CB6CFE6296DAB4900E2A229 /* TVShowEpisode.swift in Sources */ = {isa = PBXBuildFile; fileRef = 4CB6CFE5296DAB4900E2A229 /* TVShowEpisode.swift */; };
		4CB6CFE8296DAB6500E2A229 /* TVShowEpisodeTests.swift in Sources */ = {isa = PBXBuildFile; fileRef = 4CB6CFE7296DAB6500E2A229 /* TVShowEpisodeTests.swift */; };
		4CB6CFEA296DABC800E2A229 /* UnderTheDome-EP1.json in Resources */ = {isa = PBXBuildFile; fileRef = 4CB6CFE9296DABC800E2A229 /* UnderTheDome-EP1.json */; };
		4CB6CFED296DAC7100E2A229 /* TVMazeImage.swift in Sources */ = {isa = PBXBuildFile; fileRef = 4CB6CFEC296DAC7100E2A229 /* TVMazeImage.swift */; };
		4CB6CFEF296DAD5D00E2A229 /* TVMazeEndpoint.swift in Sources */ = {isa = PBXBuildFile; fileRef = 4CB6CFEE296DAD5D00E2A229 /* TVMazeEndpoint.swift */; };
		4CB6CFF1296DAE0200E2A229 /* TVMazeRequest.swift in Sources */ = {isa = PBXBuildFile; fileRef = 4CB6CFF0296DAE0200E2A229 /* TVMazeRequest.swift */; };
		4CB6CFF4296DAFF900E2A229 /* TVMazeRequestTests.swift in Sources */ = {isa = PBXBuildFile; fileRef = 4CB6CFF3296DAFF900E2A229 /* TVMazeRequestTests.swift */; };
		4CB6CFF6296DB91100E2A229 /* TVShowScheduleTests.swift in Sources */ = {isa = PBXBuildFile; fileRef = 4CB6CFF5296DB91100E2A229 /* TVShowScheduleTests.swift */; };
		4CB6CFF8296DB94000E2A229 /* UnderTheDomeSchedule.json in Resources */ = {isa = PBXBuildFile; fileRef = 4CB6CFF7296DB94000E2A229 /* UnderTheDomeSchedule.json */; };
		4CB6CFFA296DB9FC00E2A229 /* TVMazeImageTests.swift in Sources */ = {isa = PBXBuildFile; fileRef = 4CB6CFF9296DB9FC00E2A229 /* TVMazeImageTests.swift */; };
		4CB6CFFC296DBA4E00E2A229 /* UnderTheDomeImage.json in Resources */ = {isa = PBXBuildFile; fileRef = 4CB6CFFB296DBA4E00E2A229 /* UnderTheDomeImage.json */; };
		4CD26F8D29719721002A75F6 /* TVShowsPeopleViewControllerFactory.swift in Sources */ = {isa = PBXBuildFile; fileRef = 4CD26F8C29719721002A75F6 /* TVShowsPeopleViewControllerFactory.swift */; };
		4CD26F8F29719763002A75F6 /* FavoriteTVShowsViewControllerFactory.swift in Sources */ = {isa = PBXBuildFile; fileRef = 4CD26F8E29719763002A75F6 /* FavoriteTVShowsViewControllerFactory.swift */; };
		4CD26F9329719B08002A75F6 /* CoreDataModeling.swift in Sources */ = {isa = PBXBuildFile; fileRef = 4CD26F9229719B08002A75F6 /* CoreDataModeling.swift */; };
		4CD26F972971A0F0002A75F6 /* FavoriteShowsListView.swift in Sources */ = {isa = PBXBuildFile; fileRef = 4CD26F962971A0F0002A75F6 /* FavoriteShowsListView.swift */; };
		4CD26F992971A205002A75F6 /* FavoriteShowsListViewModel.swift in Sources */ = {isa = PBXBuildFile; fileRef = 4CD26F982971A205002A75F6 /* FavoriteShowsListViewModel.swift */; };
		4CD26F9C2971A933002A75F6 /* FavoriteShowsListTableViewAdapter.swift in Sources */ = {isa = PBXBuildFile; fileRef = 4CD26F9B2971A933002A75F6 /* FavoriteShowsListTableViewAdapter.swift */; };
		4CD26F9E2971A9AB002A75F6 /* FavoriteShowsListTableViewCell.swift in Sources */ = {isa = PBXBuildFile; fileRef = 4CD26F9D2971A9AB002A75F6 /* FavoriteShowsListTableViewCell.swift */; };
		4CD26FA02971AA29002A75F6 /* UITableView+.swift in Sources */ = {isa = PBXBuildFile; fileRef = 4CD26F9F2971AA29002A75F6 /* UITableView+.swift */; };
		4CD26FA22971AB18002A75F6 /* FavoriteShowsListTableCellViewModel.swift in Sources */ = {isa = PBXBuildFile; fileRef = 4CD26FA12971AB18002A75F6 /* FavoriteShowsListTableCellViewModel.swift */; };
		4CD26FA42971B23F002A75F6 /* FavoriteShowsListViewFactory.swift in Sources */ = {isa = PBXBuildFile; fileRef = 4CD26FA32971B23F002A75F6 /* FavoriteShowsListViewFactory.swift */; };
		4CD26FA62971B53C002A75F6 /* TVShowsListCollectionViewCellViewModelFactory.swift in Sources */ = {isa = PBXBuildFile; fileRef = 4CD26FA52971B53C002A75F6 /* TVShowsListCollectionViewCellViewModelFactory.swift */; };
		4CD26FAA2971B63E002A75F6 /* FavoriteShowsListTableCellViewModelFactory.swift in Sources */ = {isa = PBXBuildFile; fileRef = 4CD26FA92971B63E002A75F6 /* FavoriteShowsListTableCellViewModelFactory.swift */; };
		4CD26FAE2971CEB9002A75F6 /* BiometricAuthenticationService.swift in Sources */ = {isa = PBXBuildFile; fileRef = 4CD26FAD2971CEB9002A75F6 /* BiometricAuthenticationService.swift */; };
		4CD26FB12971D693002A75F6 /* AuthenticationViewController.swift in Sources */ = {isa = PBXBuildFile; fileRef = 4CD26FB02971D693002A75F6 /* AuthenticationViewController.swift */; };
		4CD26FB32971D7EE002A75F6 /* AuthenticationFlowCoordinator.swift in Sources */ = {isa = PBXBuildFile; fileRef = 4CD26FB22971D7EE002A75F6 /* AuthenticationFlowCoordinator.swift */; };
		4CD26FB62971D96A002A75F6 /* AuthenticationViewControllerFactory.swift in Sources */ = {isa = PBXBuildFile; fileRef = 4CD26FB52971D96A002A75F6 /* AuthenticationViewControllerFactory.swift */; };
		4CD26FB82971DAF6002A75F6 /* AppCoordinator.swift in Sources */ = {isa = PBXBuildFile; fileRef = 4CD26FB72971DAF6002A75F6 /* AppCoordinator.swift */; };
		4CEFD3E42971EFB7007C9694 /* PasscodeInputView.swift in Sources */ = {isa = PBXBuildFile; fileRef = 4CEFD3E32971EFB7007C9694 /* PasscodeInputView.swift */; };
		4CEFD3E82971F938007C9694 /* UIStackView+.swift in Sources */ = {isa = PBXBuildFile; fileRef = 4CEFD3E72971F938007C9694 /* UIStackView+.swift */; };
		4CEFD3EA2971F9A3007C9694 /* PasscodePinView.swift in Sources */ = {isa = PBXBuildFile; fileRef = 4CEFD3E92971F9A3007C9694 /* PasscodePinView.swift */; };
		4CEFD3EC297201E1007C9694 /* UserDefaultsPasscodeStorage.swift in Sources */ = {isa = PBXBuildFile; fileRef = 4CEFD3EB297201E1007C9694 /* UserDefaultsPasscodeStorage.swift */; };
		4CEFD3EE29720377007C9694 /* RegisterPasscodeView.swift in Sources */ = {isa = PBXBuildFile; fileRef = 4CEFD3ED29720377007C9694 /* RegisterPasscodeView.swift */; };
		4CEFD3F0297208A8007C9694 /* ConfirmPasscodeView.swift in Sources */ = {isa = PBXBuildFile; fileRef = 4CEFD3EF297208A8007C9694 /* ConfirmPasscodeView.swift */; };
		4CEFD3F229720A0C007C9694 /* RegisterPasscodeViewController.swift in Sources */ = {isa = PBXBuildFile; fileRef = 4CEFD3F129720A0C007C9694 /* RegisterPasscodeViewController.swift */; };
		4CEFD3F429720C25007C9694 /* ConfirmPasscodeViewController.swift in Sources */ = {isa = PBXBuildFile; fileRef = 4CEFD3F329720C25007C9694 /* ConfirmPasscodeViewController.swift */; };
		4CEFD3F629720D4A007C9694 /* RegisterPasscodeViewControllerFactory.swift in Sources */ = {isa = PBXBuildFile; fileRef = 4CEFD3F529720D4A007C9694 /* RegisterPasscodeViewControllerFactory.swift */; };
		4CEFD3F829720DFD007C9694 /* RegisterPasscodeViewFactory.swift in Sources */ = {isa = PBXBuildFile; fileRef = 4CEFD3F729720DFD007C9694 /* RegisterPasscodeViewFactory.swift */; };
		4CEFD3FA29720E19007C9694 /* ConfirmPasscodeViewControllerFactory.swift in Sources */ = {isa = PBXBuildFile; fileRef = 4CEFD3F929720E19007C9694 /* ConfirmPasscodeViewControllerFactory.swift */; };
		4CEFD3FC29720E50007C9694 /* ConfirmPasscodeViewFactory.swift in Sources */ = {isa = PBXBuildFile; fileRef = 4CEFD3FB29720E50007C9694 /* ConfirmPasscodeViewFactory.swift */; };
		4CEFD3FE29721419007C9694 /* ConfirmPasscodeViewModel.swift in Sources */ = {isa = PBXBuildFile; fileRef = 4CEFD3FD29721419007C9694 /* ConfirmPasscodeViewModel.swift */; };
/* End PBXBuildFile section */

/* Begin PBXContainerItemProxy section */
		4CB6CFBE296D9EEB00E2A229 /* PBXContainerItemProxy */ = {
			isa = PBXContainerItemProxy;
			containerPortal = 4CB6CF9F296D9EE900E2A229 /* Project object */;
			proxyType = 1;
			remoteGlobalIDString = 4CB6CFA6296D9EE900E2A229;
			remoteInfo = TVShows;
		};
/* End PBXContainerItemProxy section */

/* Begin PBXFileReference section */
		4C08F1732970889A00FDA2C9 /* TVShowDetailsInfoSeasonHeaderView.swift */ = {isa = PBXFileReference; lastKnownFileType = sourcecode.swift; path = TVShowDetailsInfoSeasonHeaderView.swift; sourceTree = "<group>"; };
		4C08F1752970A0AE00FDA2C9 /* TVShowDetailsInfoSeasonHeaderViewModel.swift */ = {isa = PBXFileReference; lastKnownFileType = sourcecode.swift; path = TVShowDetailsInfoSeasonHeaderViewModel.swift; sourceTree = "<group>"; };
		4C08F1772970AF7200FDA2C9 /* TVShowListViewCollectionViewAdapterSpy.swift */ = {isa = PBXFileReference; lastKnownFileType = sourcecode.swift; path = TVShowListViewCollectionViewAdapterSpy.swift; sourceTree = "<group>"; };
		4C08F1792970B08100FDA2C9 /* TVShowEpisodeDetailsViewController.swift */ = {isa = PBXFileReference; lastKnownFileType = sourcecode.swift; path = TVShowEpisodeDetailsViewController.swift; sourceTree = "<group>"; };
		4C08F17B2970BE2A00FDA2C9 /* TVShowEpisodeDetailsViewControllerFactory.swift */ = {isa = PBXFileReference; lastKnownFileType = sourcecode.swift; path = TVShowEpisodeDetailsViewControllerFactory.swift; sourceTree = "<group>"; };
		4C08F17D2970BE6600FDA2C9 /* TVShowEpisodeDetailsView.swift */ = {isa = PBXFileReference; lastKnownFileType = sourcecode.swift; path = TVShowEpisodeDetailsView.swift; sourceTree = "<group>"; };
		4C08F17F2970BEA900FDA2C9 /* TVShowEpisodeDetailsViewModel.swift */ = {isa = PBXFileReference; lastKnownFileType = sourcecode.swift; path = TVShowEpisodeDetailsViewModel.swift; sourceTree = "<group>"; };
		4C08F1812970C6EB00FDA2C9 /* TVShowEpisodeDetailsViewFactory.swift */ = {isa = PBXFileReference; lastKnownFileType = sourcecode.swift; path = TVShowEpisodeDetailsViewFactory.swift; sourceTree = "<group>"; };
		4C08F1842970DD4300FDA2C9 /* DataPersisting.swift */ = {isa = PBXFileReference; lastKnownFileType = sourcecode.swift; path = DataPersisting.swift; sourceTree = "<group>"; };
		4C08F1862970DD9600FDA2C9 /* CoreDataStore.swift */ = {isa = PBXFileReference; lastKnownFileType = sourcecode.swift; path = CoreDataStore.swift; sourceTree = "<group>"; };
		4C08F18C2970DF2B00FDA2C9 /* CoreDataModel.xcdatamodel */ = {isa = PBXFileReference; lastKnownFileType = wrapper.xcdatamodel; path = CoreDataModel.xcdatamodel; sourceTree = "<group>"; };
		4C625382296DBECB006AC733 /* TVMazeService.swift */ = {isa = PBXFileReference; lastKnownFileType = sourcecode.swift; path = TVMazeService.swift; sourceTree = "<group>"; };
		4C625385296DEEB7006AC733 /* NetworkRequesting.swift */ = {isa = PBXFileReference; lastKnownFileType = sourcecode.swift; path = NetworkRequesting.swift; sourceTree = "<group>"; };
		4C625387296DEF39006AC733 /* NetworkSession.swift */ = {isa = PBXFileReference; lastKnownFileType = sourcecode.swift; path = NetworkSession.swift; sourceTree = "<group>"; };
		4C62538B296DF192006AC733 /* NetworkSessionSpy.swift */ = {isa = PBXFileReference; lastKnownFileType = sourcecode.swift; path = NetworkSessionSpy.swift; sourceTree = "<group>"; };
		4C62538E296DF450006AC733 /* NetworkURLSessionStub.swift */ = {isa = PBXFileReference; lastKnownFileType = sourcecode.swift; path = NetworkURLSessionStub.swift; sourceTree = "<group>"; };
		4C625390296DF719006AC733 /* NetworkSessionURLSession.swift */ = {isa = PBXFileReference; lastKnownFileType = sourcecode.swift; path = NetworkSessionURLSession.swift; sourceTree = "<group>"; };
		4C625393296DF775006AC733 /* URLSession+.swift */ = {isa = PBXFileReference; lastKnownFileType = sourcecode.swift; path = "URLSession+.swift"; sourceTree = "<group>"; };
		4C625396296DFBD8006AC733 /* NetworkSessionTests.swift */ = {isa = PBXFileReference; lastKnownFileType = sourcecode.swift; path = NetworkSessionTests.swift; sourceTree = "<group>"; };
		4C625398296E0400006AC733 /* Fixtures.swift */ = {isa = PBXFileReference; lastKnownFileType = sourcecode.swift; path = Fixtures.swift; sourceTree = "<group>"; };
		4C62539A296E0885006AC733 /* TVMazeServiceTests.swift */ = {isa = PBXFileReference; lastKnownFileType = sourcecode.swift; path = TVMazeServiceTests.swift; sourceTree = "<group>"; };
		4C62539C296E0DFC006AC733 /* JSONDecoding.swift */ = {isa = PBXFileReference; lastKnownFileType = sourcecode.swift; path = JSONDecoding.swift; sourceTree = "<group>"; };
		4C62539E296E0E5F006AC733 /* JSONDecoder+.swift */ = {isa = PBXFileReference; lastKnownFileType = sourcecode.swift; path = "JSONDecoder+.swift"; sourceTree = "<group>"; };
		4C6253A0296E0EEF006AC733 /* JSONDecoderStub.swift */ = {isa = PBXFileReference; lastKnownFileType = sourcecode.swift; path = JSONDecoderStub.swift; sourceTree = "<group>"; };
		4C6253A3296E174D006AC733 /* CachedImageLoader.swift */ = {isa = PBXFileReference; lastKnownFileType = sourcecode.swift; path = CachedImageLoader.swift; sourceTree = "<group>"; };
		4C6253A5296E1A71006AC733 /* CachedImageLoaderTests.swift */ = {isa = PBXFileReference; lastKnownFileType = sourcecode.swift; path = CachedImageLoaderTests.swift; sourceTree = "<group>"; };
		4C6253AB296E1E94006AC733 /* TVShowsListView.swift */ = {isa = PBXFileReference; lastKnownFileType = sourcecode.swift; path = TVShowsListView.swift; sourceTree = "<group>"; };
		4C6253AF296E2040006AC733 /* TVShowsListViewModel.swift */ = {isa = PBXFileReference; lastKnownFileType = sourcecode.swift; path = TVShowsListViewModel.swift; sourceTree = "<group>"; };
		4C6253B1296E265C006AC733 /* UIView+.swift */ = {isa = PBXFileReference; lastKnownFileType = sourcecode.swift; path = "UIView+.swift"; sourceTree = "<group>"; };
		4C6253B3296E2A8B006AC733 /* ReusableView.swift */ = {isa = PBXFileReference; lastKnownFileType = sourcecode.swift; path = ReusableView.swift; sourceTree = "<group>"; };
		4C6253B5296E2B18006AC733 /* TVShowsListCollectionViewCell.swift */ = {isa = PBXFileReference; lastKnownFileType = sourcecode.swift; path = TVShowsListCollectionViewCell.swift; sourceTree = "<group>"; };
		4C6253B7296E2B57006AC733 /* UICollectionView+.swift */ = {isa = PBXFileReference; lastKnownFileType = sourcecode.swift; path = "UICollectionView+.swift"; sourceTree = "<group>"; };
		4C6253B9296E2EEE006AC733 /* TVShowsListCollectionViewCellViewModel.swift */ = {isa = PBXFileReference; lastKnownFileType = sourcecode.swift; path = TVShowsListCollectionViewCellViewModel.swift; sourceTree = "<group>"; };
		4C6253BE296E387A006AC733 /* TVShowsListViewTests.swift */ = {isa = PBXFileReference; lastKnownFileType = sourcecode.swift; path = TVShowsListViewTests.swift; sourceTree = "<group>"; };
		4C6253C0296E3899006AC733 /* TVShowsListViewModelSpy.swift */ = {isa = PBXFileReference; lastKnownFileType = sourcecode.swift; path = TVShowsListViewModelSpy.swift; sourceTree = "<group>"; };
		4C6253C2296E3BCA006AC733 /* TVShowsListCollectionViewCellViewModelSpy.swift */ = {isa = PBXFileReference; lastKnownFileType = sourcecode.swift; path = TVShowsListCollectionViewCellViewModelSpy.swift; sourceTree = "<group>"; };
		4C6253C4296E3D24006AC733 /* ImageLoaderStub.swift */ = {isa = PBXFileReference; lastKnownFileType = sourcecode.swift; path = ImageLoaderStub.swift; sourceTree = "<group>"; };
		4C6253C6296E3E13006AC733 /* TVShowsListCollectionViewCellTests.swift */ = {isa = PBXFileReference; lastKnownFileType = sourcecode.swift; path = TVShowsListCollectionViewCellTests.swift; sourceTree = "<group>"; };
		4C6253C9296E40F8006AC733 /* TVShowsListViewModelTests.swift */ = {isa = PBXFileReference; lastKnownFileType = sourcecode.swift; path = TVShowsListViewModelTests.swift; sourceTree = "<group>"; };
		4C6253CB296E4125006AC733 /* TVMazeAPIServiceSpy.swift */ = {isa = PBXFileReference; lastKnownFileType = sourcecode.swift; path = TVMazeAPIServiceSpy.swift; sourceTree = "<group>"; };
		4C6253CD296E42AF006AC733 /* TVShowsListCollectionViewCellViewModelTests.swift */ = {isa = PBXFileReference; lastKnownFileType = sourcecode.swift; path = TVShowsListCollectionViewCellViewModelTests.swift; sourceTree = "<group>"; };
		4C6253CF296E4658006AC733 /* UIFont+.swift */ = {isa = PBXFileReference; lastKnownFileType = sourcecode.swift; path = "UIFont+.swift"; sourceTree = "<group>"; };
		4C6253D5296E4FB7006AC733 /* LoadingCollectionViewFooter.swift */ = {isa = PBXFileReference; lastKnownFileType = sourcecode.swift; path = LoadingCollectionViewFooter.swift; sourceTree = "<group>"; };
		4C6C258C296EEEA00004FB3F /* TVMazePathComponents.swift */ = {isa = PBXFileReference; lastKnownFileType = sourcecode.swift; path = TVMazePathComponents.swift; sourceTree = "<group>"; };
		4C6C258E296EEF3B0004FB3F /* TVMazeQueryItems.swift */ = {isa = PBXFileReference; lastKnownFileType = sourcecode.swift; path = TVMazeQueryItems.swift; sourceTree = "<group>"; };
		4C6C2590296EF8550004FB3F /* String+.swift */ = {isa = PBXFileReference; lastKnownFileType = sourcecode.swift; path = "String+.swift"; sourceTree = "<group>"; };
		4C6C2592296F065C0004FB3F /* TVShowsListViewModelDelegateSpy.swift */ = {isa = PBXFileReference; lastKnownFileType = sourcecode.swift; path = TVShowsListViewModelDelegateSpy.swift; sourceTree = "<group>"; };
		4C6C2595296F32A30004FB3F /* TVMazeFuzzySearchResults.swift */ = {isa = PBXFileReference; lastKnownFileType = sourcecode.swift; path = TVMazeFuzzySearchResults.swift; sourceTree = "<group>"; };
		4C6C2598296F421B0004FB3F /* TVShowDetailsViewController.swift */ = {isa = PBXFileReference; lastKnownFileType = sourcecode.swift; path = TVShowDetailsViewController.swift; sourceTree = "<group>"; };
		4C6C259A296F46BA0004FB3F /* TVShowDetailsView.swift */ = {isa = PBXFileReference; lastKnownFileType = sourcecode.swift; path = TVShowDetailsView.swift; sourceTree = "<group>"; };
		4C6C259C296F46D10004FB3F /* TVShowDetailsViewModel.swift */ = {isa = PBXFileReference; lastKnownFileType = sourcecode.swift; path = TVShowDetailsViewModel.swift; sourceTree = "<group>"; };
		4C6C259F296F5E200004FB3F /* TVShowListViewCollectionViewAdapter.swift */ = {isa = PBXFileReference; lastKnownFileType = sourcecode.swift; path = TVShowListViewCollectionViewAdapter.swift; sourceTree = "<group>"; };
		4C6C25A2296F64190004FB3F /* TVShowsListViewControllerFactory.swift */ = {isa = PBXFileReference; lastKnownFileType = sourcecode.swift; path = TVShowsListViewControllerFactory.swift; sourceTree = "<group>"; };
		4C6C25A4296F64AC0004FB3F /* TVShowsListViewFactory.swift */ = {isa = PBXFileReference; lastKnownFileType = sourcecode.swift; path = TVShowsListViewFactory.swift; sourceTree = "<group>"; };
		4C6C25A6296F68330004FB3F /* TVShowDetailsViewControllerFactory.swift */ = {isa = PBXFileReference; lastKnownFileType = sourcecode.swift; path = TVShowDetailsViewControllerFactory.swift; sourceTree = "<group>"; };
		4C6C25A8296F685B0004FB3F /* TVShowDetailsViewFactory.swift */ = {isa = PBXFileReference; lastKnownFileType = sourcecode.swift; path = TVShowDetailsViewFactory.swift; sourceTree = "<group>"; };
		4C6C25AA296F69BA0004FB3F /* TVShowsListSearchController.swift */ = {isa = PBXFileReference; lastKnownFileType = sourcecode.swift; path = TVShowsListSearchController.swift; sourceTree = "<group>"; };
		4C6C25AC296F7C720004FB3F /* TVMazeRating.swift */ = {isa = PBXFileReference; lastKnownFileType = sourcecode.swift; path = TVMazeRating.swift; sourceTree = "<group>"; };
		4C6C25AE296F7F9A0004FB3F /* Date+.swift */ = {isa = PBXFileReference; lastKnownFileType = sourcecode.swift; path = "Date+.swift"; sourceTree = "<group>"; };
		4C6C25B0296F84DD0004FB3F /* CircularProgressIndicatorView.swift */ = {isa = PBXFileReference; lastKnownFileType = sourcecode.swift; path = CircularProgressIndicatorView.swift; sourceTree = "<group>"; };
		4C6C25B2296FA3E30004FB3F /* StretchyImageHeaderView.swift */ = {isa = PBXFileReference; lastKnownFileType = sourcecode.swift; path = StretchyImageHeaderView.swift; sourceTree = "<group>"; };
		4C6C25B6296FAA8F0004FB3F /* TVShowDetailsViewCollectionViewAdapter.swift */ = {isa = PBXFileReference; lastKnownFileType = sourcecode.swift; path = TVShowDetailsViewCollectionViewAdapter.swift; sourceTree = "<group>"; };
		4C6C25B8296FAE0B0004FB3F /* TVShowDetailsInfoCollectionViewCell.swift */ = {isa = PBXFileReference; lastKnownFileType = sourcecode.swift; path = TVShowDetailsInfoCollectionViewCell.swift; sourceTree = "<group>"; };
		4CAE89A0297105A300083877 /* Coordinator.swift */ = {isa = PBXFileReference; lastKnownFileType = sourcecode.swift; path = Coordinator.swift; sourceTree = "<group>"; };
		4CAE89A2297107A100083877 /* FlowRoute.swift */ = {isa = PBXFileReference; lastKnownFileType = sourcecode.swift; path = FlowRoute.swift; sourceTree = "<group>"; };
		4CAE89A629710A0300083877 /* TVShowsPeopleViewController.swift */ = {isa = PBXFileReference; lastKnownFileType = sourcecode.swift; path = TVShowsPeopleViewController.swift; sourceTree = "<group>"; };
		4CAE89AA29710A5800083877 /* FavoriteTVShowsViewController.swift */ = {isa = PBXFileReference; lastKnownFileType = sourcecode.swift; path = FavoriteTVShowsViewController.swift; sourceTree = "<group>"; };
		4CAE89AC297110F200083877 /* MainCoordinator.swift */ = {isa = PBXFileReference; lastKnownFileType = sourcecode.swift; path = MainCoordinator.swift; sourceTree = "<group>"; };
		4CAE89AF2971114600083877 /* FlowCoordinator.swift */ = {isa = PBXFileReference; lastKnownFileType = sourcecode.swift; path = FlowCoordinator.swift; sourceTree = "<group>"; };
		4CAE89B12971136200083877 /* Coordinated.swift */ = {isa = PBXFileReference; lastKnownFileType = sourcecode.swift; path = Coordinated.swift; sourceTree = "<group>"; };
		4CAE89B3297113C400083877 /* TabCoordinator.swift */ = {isa = PBXFileReference; lastKnownFileType = sourcecode.swift; path = TabCoordinator.swift; sourceTree = "<group>"; };
		4CAE89B62971161000083877 /* ShowsFlowCoordinator.swift */ = {isa = PBXFileReference; lastKnownFileType = sourcecode.swift; path = ShowsFlowCoordinator.swift; sourceTree = "<group>"; };
		4CAE89B82971162700083877 /* PeopleFlowCoordinator.swift */ = {isa = PBXFileReference; lastKnownFileType = sourcecode.swift; path = PeopleFlowCoordinator.swift; sourceTree = "<group>"; };
		4CAE89BA2971164600083877 /* FavoritesFlowCoordinator.swift */ = {isa = PBXFileReference; lastKnownFileType = sourcecode.swift; path = FavoritesFlowCoordinator.swift; sourceTree = "<group>"; };
		4CB6CFA7296D9EE900E2A229 /* TVShows.app */ = {isa = PBXFileReference; explicitFileType = wrapper.application; includeInIndex = 0; path = TVShows.app; sourceTree = BUILT_PRODUCTS_DIR; };
		4CB6CFAA296D9EE900E2A229 /* AppDelegate.swift */ = {isa = PBXFileReference; lastKnownFileType = sourcecode.swift; path = AppDelegate.swift; sourceTree = "<group>"; };
		4CB6CFAC296D9EE900E2A229 /* SceneDelegate.swift */ = {isa = PBXFileReference; lastKnownFileType = sourcecode.swift; path = SceneDelegate.swift; sourceTree = "<group>"; };
		4CB6CFAE296D9EE900E2A229 /* TVShowsListViewController.swift */ = {isa = PBXFileReference; lastKnownFileType = sourcecode.swift; path = TVShowsListViewController.swift; sourceTree = "<group>"; };
		4CB6CFB3296D9EEB00E2A229 /* Assets.xcassets */ = {isa = PBXFileReference; lastKnownFileType = folder.assetcatalog; path = Assets.xcassets; sourceTree = "<group>"; };
		4CB6CFB6296D9EEB00E2A229 /* Base */ = {isa = PBXFileReference; lastKnownFileType = file.storyboard; name = Base; path = Base.lproj/LaunchScreen.storyboard; sourceTree = "<group>"; };
		4CB6CFB8296D9EEB00E2A229 /* Info.plist */ = {isa = PBXFileReference; lastKnownFileType = text.plist.xml; path = Info.plist; sourceTree = "<group>"; };
		4CB6CFBD296D9EEB00E2A229 /* TVShowsTests.xctest */ = {isa = PBXFileReference; explicitFileType = wrapper.cfbundle; includeInIndex = 0; path = TVShowsTests.xctest; sourceTree = BUILT_PRODUCTS_DIR; };
		4CB6CFDB296DA16B00E2A229 /* TVShow.swift */ = {isa = PBXFileReference; lastKnownFileType = sourcecode.swift; path = TVShow.swift; sourceTree = "<group>"; };
		4CB6CFDD296DA64600E2A229 /* TVShowSchedule.swift */ = {isa = PBXFileReference; lastKnownFileType = sourcecode.swift; path = TVShowSchedule.swift; sourceTree = "<group>"; };
		4CB6CFE0296DA70C00E2A229 /* UnderTheDome.json */ = {isa = PBXFileReference; lastKnownFileType = text.json; path = UnderTheDome.json; sourceTree = "<group>"; };
		4CB6CFE3296DA79300E2A229 /* TVShowTests.swift */ = {isa = PBXFileReference; lastKnownFileType = sourcecode.swift; path = TVShowTests.swift; sourceTree = "<group>"; };
		4CB6CFE5296DAB4900E2A229 /* TVShowEpisode.swift */ = {isa = PBXFileReference; lastKnownFileType = sourcecode.swift; path = TVShowEpisode.swift; sourceTree = "<group>"; };
		4CB6CFE7296DAB6500E2A229 /* TVShowEpisodeTests.swift */ = {isa = PBXFileReference; lastKnownFileType = sourcecode.swift; path = TVShowEpisodeTests.swift; sourceTree = "<group>"; };
		4CB6CFE9296DABC800E2A229 /* UnderTheDome-EP1.json */ = {isa = PBXFileReference; lastKnownFileType = text.json; path = "UnderTheDome-EP1.json"; sourceTree = "<group>"; };
		4CB6CFEC296DAC7100E2A229 /* TVMazeImage.swift */ = {isa = PBXFileReference; lastKnownFileType = sourcecode.swift; path = TVMazeImage.swift; sourceTree = "<group>"; };
		4CB6CFEE296DAD5D00E2A229 /* TVMazeEndpoint.swift */ = {isa = PBXFileReference; lastKnownFileType = sourcecode.swift; path = TVMazeEndpoint.swift; sourceTree = "<group>"; };
		4CB6CFF0296DAE0200E2A229 /* TVMazeRequest.swift */ = {isa = PBXFileReference; lastKnownFileType = sourcecode.swift; path = TVMazeRequest.swift; sourceTree = "<group>"; };
		4CB6CFF3296DAFF900E2A229 /* TVMazeRequestTests.swift */ = {isa = PBXFileReference; lastKnownFileType = sourcecode.swift; path = TVMazeRequestTests.swift; sourceTree = "<group>"; };
		4CB6CFF5296DB91100E2A229 /* TVShowScheduleTests.swift */ = {isa = PBXFileReference; lastKnownFileType = sourcecode.swift; path = TVShowScheduleTests.swift; sourceTree = "<group>"; };
		4CB6CFF7296DB94000E2A229 /* UnderTheDomeSchedule.json */ = {isa = PBXFileReference; lastKnownFileType = text.json; path = UnderTheDomeSchedule.json; sourceTree = "<group>"; };
		4CB6CFF9296DB9FC00E2A229 /* TVMazeImageTests.swift */ = {isa = PBXFileReference; lastKnownFileType = sourcecode.swift; path = TVMazeImageTests.swift; sourceTree = "<group>"; };
		4CB6CFFB296DBA4E00E2A229 /* UnderTheDomeImage.json */ = {isa = PBXFileReference; lastKnownFileType = text.json; path = UnderTheDomeImage.json; sourceTree = "<group>"; };
		4CD26F8C29719721002A75F6 /* TVShowsPeopleViewControllerFactory.swift */ = {isa = PBXFileReference; lastKnownFileType = sourcecode.swift; path = TVShowsPeopleViewControllerFactory.swift; sourceTree = "<group>"; };
		4CD26F8E29719763002A75F6 /* FavoriteTVShowsViewControllerFactory.swift */ = {isa = PBXFileReference; lastKnownFileType = sourcecode.swift; path = FavoriteTVShowsViewControllerFactory.swift; sourceTree = "<group>"; };
		4CD26F9229719B08002A75F6 /* CoreDataModeling.swift */ = {isa = PBXFileReference; lastKnownFileType = sourcecode.swift; path = CoreDataModeling.swift; sourceTree = "<group>"; };
		4CD26F962971A0F0002A75F6 /* FavoriteShowsListView.swift */ = {isa = PBXFileReference; lastKnownFileType = sourcecode.swift; path = FavoriteShowsListView.swift; sourceTree = "<group>"; };
		4CD26F982971A205002A75F6 /* FavoriteShowsListViewModel.swift */ = {isa = PBXFileReference; lastKnownFileType = sourcecode.swift; path = FavoriteShowsListViewModel.swift; sourceTree = "<group>"; };
		4CD26F9B2971A933002A75F6 /* FavoriteShowsListTableViewAdapter.swift */ = {isa = PBXFileReference; lastKnownFileType = sourcecode.swift; path = FavoriteShowsListTableViewAdapter.swift; sourceTree = "<group>"; };
		4CD26F9D2971A9AB002A75F6 /* FavoriteShowsListTableViewCell.swift */ = {isa = PBXFileReference; lastKnownFileType = sourcecode.swift; path = FavoriteShowsListTableViewCell.swift; sourceTree = "<group>"; };
		4CD26F9F2971AA29002A75F6 /* UITableView+.swift */ = {isa = PBXFileReference; lastKnownFileType = sourcecode.swift; path = "UITableView+.swift"; sourceTree = "<group>"; };
		4CD26FA12971AB18002A75F6 /* FavoriteShowsListTableCellViewModel.swift */ = {isa = PBXFileReference; lastKnownFileType = sourcecode.swift; path = FavoriteShowsListTableCellViewModel.swift; sourceTree = "<group>"; };
		4CD26FA32971B23F002A75F6 /* FavoriteShowsListViewFactory.swift */ = {isa = PBXFileReference; lastKnownFileType = sourcecode.swift; path = FavoriteShowsListViewFactory.swift; sourceTree = "<group>"; };
		4CD26FA52971B53C002A75F6 /* TVShowsListCollectionViewCellViewModelFactory.swift */ = {isa = PBXFileReference; lastKnownFileType = sourcecode.swift; path = TVShowsListCollectionViewCellViewModelFactory.swift; sourceTree = "<group>"; };
		4CD26FA92971B63E002A75F6 /* FavoriteShowsListTableCellViewModelFactory.swift */ = {isa = PBXFileReference; lastKnownFileType = sourcecode.swift; path = FavoriteShowsListTableCellViewModelFactory.swift; sourceTree = "<group>"; };
		4CD26FAD2971CEB9002A75F6 /* BiometricAuthenticationService.swift */ = {isa = PBXFileReference; lastKnownFileType = sourcecode.swift; path = BiometricAuthenticationService.swift; sourceTree = "<group>"; };
		4CD26FB02971D693002A75F6 /* AuthenticationViewController.swift */ = {isa = PBXFileReference; lastKnownFileType = sourcecode.swift; path = AuthenticationViewController.swift; sourceTree = "<group>"; };
		4CD26FB22971D7EE002A75F6 /* AuthenticationFlowCoordinator.swift */ = {isa = PBXFileReference; lastKnownFileType = sourcecode.swift; path = AuthenticationFlowCoordinator.swift; sourceTree = "<group>"; };
		4CD26FB52971D96A002A75F6 /* AuthenticationViewControllerFactory.swift */ = {isa = PBXFileReference; lastKnownFileType = sourcecode.swift; path = AuthenticationViewControllerFactory.swift; sourceTree = "<group>"; };
		4CD26FB72971DAF6002A75F6 /* AppCoordinator.swift */ = {isa = PBXFileReference; lastKnownFileType = sourcecode.swift; path = AppCoordinator.swift; sourceTree = "<group>"; };
		4CEFD3E32971EFB7007C9694 /* PasscodeInputView.swift */ = {isa = PBXFileReference; lastKnownFileType = sourcecode.swift; path = PasscodeInputView.swift; sourceTree = "<group>"; };
		4CEFD3E72971F938007C9694 /* UIStackView+.swift */ = {isa = PBXFileReference; lastKnownFileType = sourcecode.swift; path = "UIStackView+.swift"; sourceTree = "<group>"; };
		4CEFD3E92971F9A3007C9694 /* PasscodePinView.swift */ = {isa = PBXFileReference; lastKnownFileType = sourcecode.swift; path = PasscodePinView.swift; sourceTree = "<group>"; };
		4CEFD3EB297201E1007C9694 /* UserDefaultsPasscodeStorage.swift */ = {isa = PBXFileReference; lastKnownFileType = sourcecode.swift; path = UserDefaultsPasscodeStorage.swift; sourceTree = "<group>"; };
		4CEFD3ED29720377007C9694 /* RegisterPasscodeView.swift */ = {isa = PBXFileReference; lastKnownFileType = sourcecode.swift; path = RegisterPasscodeView.swift; sourceTree = "<group>"; };
		4CEFD3EF297208A8007C9694 /* ConfirmPasscodeView.swift */ = {isa = PBXFileReference; lastKnownFileType = sourcecode.swift; path = ConfirmPasscodeView.swift; sourceTree = "<group>"; };
		4CEFD3F129720A0C007C9694 /* RegisterPasscodeViewController.swift */ = {isa = PBXFileReference; lastKnownFileType = sourcecode.swift; path = RegisterPasscodeViewController.swift; sourceTree = "<group>"; };
		4CEFD3F329720C25007C9694 /* ConfirmPasscodeViewController.swift */ = {isa = PBXFileReference; lastKnownFileType = sourcecode.swift; path = ConfirmPasscodeViewController.swift; sourceTree = "<group>"; };
		4CEFD3F529720D4A007C9694 /* RegisterPasscodeViewControllerFactory.swift */ = {isa = PBXFileReference; lastKnownFileType = sourcecode.swift; path = RegisterPasscodeViewControllerFactory.swift; sourceTree = "<group>"; };
		4CEFD3F729720DFD007C9694 /* RegisterPasscodeViewFactory.swift */ = {isa = PBXFileReference; lastKnownFileType = sourcecode.swift; path = RegisterPasscodeViewFactory.swift; sourceTree = "<group>"; };
		4CEFD3F929720E19007C9694 /* ConfirmPasscodeViewControllerFactory.swift */ = {isa = PBXFileReference; lastKnownFileType = sourcecode.swift; path = ConfirmPasscodeViewControllerFactory.swift; sourceTree = "<group>"; };
		4CEFD3FB29720E50007C9694 /* ConfirmPasscodeViewFactory.swift */ = {isa = PBXFileReference; lastKnownFileType = sourcecode.swift; path = ConfirmPasscodeViewFactory.swift; sourceTree = "<group>"; };
		4CEFD3FD29721419007C9694 /* ConfirmPasscodeViewModel.swift */ = {isa = PBXFileReference; lastKnownFileType = sourcecode.swift; path = ConfirmPasscodeViewModel.swift; sourceTree = "<group>"; };
/* End PBXFileReference section */

/* Begin PBXFrameworksBuildPhase section */
		4CB6CFA4296D9EE900E2A229 /* Frameworks */ = {
			isa = PBXFrameworksBuildPhase;
			buildActionMask = 2147483647;
			files = (
			);
			runOnlyForDeploymentPostprocessing = 0;
		};
		4CB6CFBA296D9EEB00E2A229 /* Frameworks */ = {
			isa = PBXFrameworksBuildPhase;
			buildActionMask = 2147483647;
			files = (
			);
			runOnlyForDeploymentPostprocessing = 0;
		};
/* End PBXFrameworksBuildPhase section */

/* Begin PBXGroup section */
		4C08F1832970DCF900FDA2C9 /* Persistence */ = {
			isa = PBXGroup;
			children = (
				4C08F1842970DD4300FDA2C9 /* DataPersisting.swift */,
				4C08F1862970DD9600FDA2C9 /* CoreDataStore.swift */,
				4CD26F9229719B08002A75F6 /* CoreDataModeling.swift */,
			);
			path = Persistence;
			sourceTree = "<group>";
		};
		4C625384296DEE74006AC733 /* Networking */ = {
			isa = PBXGroup;
			children = (
				4C625385296DEEB7006AC733 /* NetworkRequesting.swift */,
				4C625387296DEF39006AC733 /* NetworkSession.swift */,
				4C625390296DF719006AC733 /* NetworkSessionURLSession.swift */,
				4C6253A3296E174D006AC733 /* CachedImageLoader.swift */,
			);
			path = Networking;
			sourceTree = "<group>";
		};
		4C625389296DF17F006AC733 /* TestDoubles */ = {
			isa = PBXGroup;
			children = (
				4C62538D296DF441006AC733 /* Stubs */,
				4C62538A296DF183006AC733 /* Spies */,
			);
			path = TestDoubles;
			sourceTree = "<group>";
		};
		4C62538A296DF183006AC733 /* Spies */ = {
			isa = PBXGroup;
			children = (
				4C62538B296DF192006AC733 /* NetworkSessionSpy.swift */,
				4C6253C0296E3899006AC733 /* TVShowsListViewModelSpy.swift */,
				4C6253C2296E3BCA006AC733 /* TVShowsListCollectionViewCellViewModelSpy.swift */,
				4C6253CB296E4125006AC733 /* TVMazeAPIServiceSpy.swift */,
				4C6C2592296F065C0004FB3F /* TVShowsListViewModelDelegateSpy.swift */,
				4C08F1772970AF7200FDA2C9 /* TVShowListViewCollectionViewAdapterSpy.swift */,
			);
			path = Spies;
			sourceTree = "<group>";
		};
		4C62538D296DF441006AC733 /* Stubs */ = {
			isa = PBXGroup;
			children = (
				4C62538E296DF450006AC733 /* NetworkURLSessionStub.swift */,
				4C6253A0296E0EEF006AC733 /* JSONDecoderStub.swift */,
				4C6253C4296E3D24006AC733 /* ImageLoaderStub.swift */,
			);
			path = Stubs;
			sourceTree = "<group>";
		};
		4C625392296DF76B006AC733 /* Extensions */ = {
			isa = PBXGroup;
			children = (
				4C625393296DF775006AC733 /* URLSession+.swift */,
				4C62539E296E0E5F006AC733 /* JSONDecoder+.swift */,
				4C6253B1296E265C006AC733 /* UIView+.swift */,
				4C6253B7296E2B57006AC733 /* UICollectionView+.swift */,
				4C6253CF296E4658006AC733 /* UIFont+.swift */,
				4C6C2590296EF8550004FB3F /* String+.swift */,
				4C6C25AE296F7F9A0004FB3F /* Date+.swift */,
				4CD26F9F2971AA29002A75F6 /* UITableView+.swift */,
				4CEFD3E72971F938007C9694 /* UIStackView+.swift */,
			);
			path = Extensions;
			sourceTree = "<group>";
		};
		4C625395296DFBC1006AC733 /* Networking */ = {
			isa = PBXGroup;
			children = (
				4C625396296DFBD8006AC733 /* NetworkSessionTests.swift */,
				4C6253A5296E1A71006AC733 /* CachedImageLoaderTests.swift */,
			);
			path = Networking;
			sourceTree = "<group>";
		};
		4C6253A2296E1715006AC733 /* Misc */ = {
			isa = PBXGroup;
			children = (
				4C62539C296E0DFC006AC733 /* JSONDecoding.swift */,
				4C6253B3296E2A8B006AC733 /* ReusableView.swift */,
			);
			path = Misc;
			sourceTree = "<group>";
		};
		4C6253A7296E1DBA006AC733 /* Scenes */ = {
			isa = PBXGroup;
			children = (
				4CD26FAB2971CDC9002A75F6 /* Authentication */,
				4CAE89A829710A2900083877 /* Favorites */,
				4CAE89A4297109EB00083877 /* People */,
				4C6253A8296E1DC1006AC733 /* Shows */,
			);
			path = Scenes;
			sourceTree = "<group>";
		};
		4C6253A8296E1DC1006AC733 /* Shows */ = {
			isa = PBXGroup;
			children = (
				4C6C25A1296F640F0004FB3F /* Factories */,
				4C6C259E296F5DFE0004FB3F /* Adapters */,
				4C6C2597296F420C0004FB3F /* Controllers */,
				4C6253AD296E2024006AC733 /* Views */,
				4C6253AE296E2028006AC733 /* ViewModels */,
			);
			path = Shows;
			sourceTree = "<group>";
		};
		4C6253A9296E1DD6006AC733 /* Resources */ = {
			isa = PBXGroup;
			children = (
				4CB6CFB3296D9EEB00E2A229 /* Assets.xcassets */,
				4CB6CFB8296D9EEB00E2A229 /* Info.plist */,
				4CB6CFB5296D9EEB00E2A229 /* LaunchScreen.storyboard */,
				4C08F18B2970DF2B00FDA2C9 /* CoreDataModel.xcdatamodeld */,
			);
			path = Resources;
			sourceTree = "<group>";
		};
		4C6253AD296E2024006AC733 /* Views */ = {
			isa = PBXGroup;
			children = (
				4C6253AB296E1E94006AC733 /* TVShowsListView.swift */,
				4C6253B5296E2B18006AC733 /* TVShowsListCollectionViewCell.swift */,
				4C6C259A296F46BA0004FB3F /* TVShowDetailsView.swift */,
				4C6C25B8296FAE0B0004FB3F /* TVShowDetailsInfoCollectionViewCell.swift */,
				4C08F1732970889A00FDA2C9 /* TVShowDetailsInfoSeasonHeaderView.swift */,
				4C08F1752970A0AE00FDA2C9 /* TVShowDetailsInfoSeasonHeaderViewModel.swift */,
				4C08F17D2970BE6600FDA2C9 /* TVShowEpisodeDetailsView.swift */,
			);
			path = Views;
			sourceTree = "<group>";
		};
		4C6253AE296E2028006AC733 /* ViewModels */ = {
			isa = PBXGroup;
			children = (
				4C6253AF296E2040006AC733 /* TVShowsListViewModel.swift */,
				4C6253B9296E2EEE006AC733 /* TVShowsListCollectionViewCellViewModel.swift */,
				4C6C259C296F46D10004FB3F /* TVShowDetailsViewModel.swift */,
				4C08F17F2970BEA900FDA2C9 /* TVShowEpisodeDetailsViewModel.swift */,
			);
			path = ViewModels;
			sourceTree = "<group>";
		};
		4C6253BB296E3827006AC733 /* Scenes */ = {
			isa = PBXGroup;
			children = (
				4C6253BC296E382C006AC733 /* Shows */,
			);
			path = Scenes;
			sourceTree = "<group>";
		};
		4C6253BC296E382C006AC733 /* Shows */ = {
			isa = PBXGroup;
			children = (
				4C6253BD296E385F006AC733 /* Views */,
				4C6253C8296E40C6006AC733 /* ViewModels */,
			);
			path = Shows;
			sourceTree = "<group>";
		};
		4C6253BD296E385F006AC733 /* Views */ = {
			isa = PBXGroup;
			children = (
				4C6253BE296E387A006AC733 /* TVShowsListViewTests.swift */,
				4C6253C6296E3E13006AC733 /* TVShowsListCollectionViewCellTests.swift */,
			);
			path = Views;
			sourceTree = "<group>";
		};
		4C6253C8296E40C6006AC733 /* ViewModels */ = {
			isa = PBXGroup;
			children = (
				4C6253C9296E40F8006AC733 /* TVShowsListViewModelTests.swift */,
				4C6253CD296E42AF006AC733 /* TVShowsListCollectionViewCellViewModelTests.swift */,
			);
			path = ViewModels;
			sourceTree = "<group>";
		};
		4C6253D1296E4F8D006AC733 /* Common */ = {
			isa = PBXGroup;
			children = (
				4C6253D4296E4F98006AC733 /* Views */,
			);
			path = Common;
			sourceTree = "<group>";
		};
		4C6253D4296E4F98006AC733 /* Views */ = {
			isa = PBXGroup;
			children = (
				4C6253D5296E4FB7006AC733 /* LoadingCollectionViewFooter.swift */,
				4C6C25B0296F84DD0004FB3F /* CircularProgressIndicatorView.swift */,
				4C6C25B2296FA3E30004FB3F /* StretchyImageHeaderView.swift */,
			);
			path = Views;
			sourceTree = "<group>";
		};
		4C6C2594296F0AB40004FB3F /* Main */ = {
			isa = PBXGroup;
			children = (
				4CB6CFAC296D9EE900E2A229 /* SceneDelegate.swift */,
				4CB6CFAA296D9EE900E2A229 /* AppDelegate.swift */,
			);
			path = Main;
			sourceTree = "<group>";
		};
		4C6C2597296F420C0004FB3F /* Controllers */ = {
			isa = PBXGroup;
			children = (
				4C6C2598296F421B0004FB3F /* TVShowDetailsViewController.swift */,
				4C08F1792970B08100FDA2C9 /* TVShowEpisodeDetailsViewController.swift */,
				4CB6CFAE296D9EE900E2A229 /* TVShowsListViewController.swift */,
				4C6C25AA296F69BA0004FB3F /* TVShowsListSearchController.swift */,
			);
			path = Controllers;
			sourceTree = "<group>";
		};
		4C6C259E296F5DFE0004FB3F /* Adapters */ = {
			isa = PBXGroup;
			children = (
				4C6C259F296F5E200004FB3F /* TVShowListViewCollectionViewAdapter.swift */,
				4C6C25B6296FAA8F0004FB3F /* TVShowDetailsViewCollectionViewAdapter.swift */,
			);
			path = Adapters;
			sourceTree = "<group>";
		};
		4C6C25A1296F640F0004FB3F /* Factories */ = {
			isa = PBXGroup;
			children = (
				4C6C25A2296F64190004FB3F /* TVShowsListViewControllerFactory.swift */,
				4C6C25A4296F64AC0004FB3F /* TVShowsListViewFactory.swift */,
				4C6C25A6296F68330004FB3F /* TVShowDetailsViewControllerFactory.swift */,
				4C6C25A8296F685B0004FB3F /* TVShowDetailsViewFactory.swift */,
				4C08F17B2970BE2A00FDA2C9 /* TVShowEpisodeDetailsViewControllerFactory.swift */,
				4C08F1812970C6EB00FDA2C9 /* TVShowEpisodeDetailsViewFactory.swift */,
				4CD26FA52971B53C002A75F6 /* TVShowsListCollectionViewCellViewModelFactory.swift */,
			);
			path = Factories;
			sourceTree = "<group>";
		};
		4CAE899F2971057300083877 /* Routing */ = {
			isa = PBXGroup;
			children = (
				4CD26FBA2971DB19002A75F6 /* Protocols */,
				4CD26FB92971DB0B002A75F6 /* MainCoordinators */,
				4CAE89B5297115F500083877 /* FlowCoordinators */,
			);
			path = Routing;
			sourceTree = "<group>";
		};
		4CAE89A4297109EB00083877 /* People */ = {
			isa = PBXGroup;
			children = (
				4CAE89A5297109F100083877 /* Controllers */,
				4CD26F9029719845002A75F6 /* Factories */,
			);
			path = People;
			sourceTree = "<group>";
		};
		4CAE89A5297109F100083877 /* Controllers */ = {
			isa = PBXGroup;
			children = (
				4CAE89A629710A0300083877 /* TVShowsPeopleViewController.swift */,
			);
			path = Controllers;
			sourceTree = "<group>";
		};
		4CAE89A829710A2900083877 /* Favorites */ = {
			isa = PBXGroup;
			children = (
				4CD26F9A2971A910002A75F6 /* Adapters */,
				4CAE89A929710A3500083877 /* Controllers */,
				4CD26F912971984D002A75F6 /* Factories */,
				4CD26F952971A072002A75F6 /* ViewModels */,
				4CD26F942971A069002A75F6 /* Views */,
			);
			path = Favorites;
			sourceTree = "<group>";
		};
		4CAE89A929710A3500083877 /* Controllers */ = {
			isa = PBXGroup;
			children = (
				4CAE89AA29710A5800083877 /* FavoriteTVShowsViewController.swift */,
			);
			path = Controllers;
			sourceTree = "<group>";
		};
		4CAE89B5297115F500083877 /* FlowCoordinators */ = {
			isa = PBXGroup;
			children = (
				4CD26FB22971D7EE002A75F6 /* AuthenticationFlowCoordinator.swift */,
				4CAE89BA2971164600083877 /* FavoritesFlowCoordinator.swift */,
				4CAE89B82971162700083877 /* PeopleFlowCoordinator.swift */,
				4CAE89B62971161000083877 /* ShowsFlowCoordinator.swift */,
			);
			path = FlowCoordinators;
			sourceTree = "<group>";
		};
		4CB6CF9E296D9EE900E2A229 = {
			isa = PBXGroup;
			children = (
				4CB6CFA9296D9EE900E2A229 /* TVShows */,
				4CB6CFC0296D9EEB00E2A229 /* TVShowsTests */,
				4CB6CFA8296D9EE900E2A229 /* Products */,
			);
			sourceTree = "<group>";
		};
		4CB6CFA8296D9EE900E2A229 /* Products */ = {
			isa = PBXGroup;
			children = (
				4CB6CFA7296D9EE900E2A229 /* TVShows.app */,
				4CB6CFBD296D9EEB00E2A229 /* TVShowsTests.xctest */,
			);
			name = Products;
			sourceTree = "<group>";
		};
		4CB6CFA9296D9EE900E2A229 /* TVShows */ = {
			isa = PBXGroup;
			children = (
				4CB6CFEB296DAC6300E2A229 /* APIClient */,
				4C6253D1296E4F8D006AC733 /* Common */,
				4C625392296DF76B006AC733 /* Extensions */,
				4C6C2594296F0AB40004FB3F /* Main */,
				4C6253A2296E1715006AC733 /* Misc */,
				4CB6CFDA296DA0E500E2A229 /* Models */,
				4C625384296DEE74006AC733 /* Networking */,
				4C08F1832970DCF900FDA2C9 /* Persistence */,
				4C6253A9296E1DD6006AC733 /* Resources */,
				4CAE899F2971057300083877 /* Routing */,
				4C6253A7296E1DBA006AC733 /* Scenes */,
			);
			path = TVShows;
			sourceTree = "<group>";
		};
		4CB6CFC0296D9EEB00E2A229 /* TVShowsTests */ = {
			isa = PBXGroup;
			children = (
				4C6253BB296E3827006AC733 /* Scenes */,
				4CB6CFF2296DAFD800E2A229 /* APIClient */,
				4CB6CFE2296DA77A00E2A229 /* Models */,
				4C625395296DFBC1006AC733 /* Networking */,
				4CB6CFDF296DA6E400E2A229 /* Resources */,
				4C625389296DF17F006AC733 /* TestDoubles */,
				4C625398296E0400006AC733 /* Fixtures.swift */,
			);
			path = TVShowsTests;
			sourceTree = "<group>";
		};
		4CB6CFDA296DA0E500E2A229 /* Models */ = {
			isa = PBXGroup;
			children = (
				4CB6CFEC296DAC7100E2A229 /* TVMazeImage.swift */,
				4CB6CFDB296DA16B00E2A229 /* TVShow.swift */,
				4CB6CFDD296DA64600E2A229 /* TVShowSchedule.swift */,
				4CB6CFE5296DAB4900E2A229 /* TVShowEpisode.swift */,
				4C6C25AC296F7C720004FB3F /* TVMazeRating.swift */,
			);
			path = Models;
			sourceTree = "<group>";
		};
		4CB6CFDF296DA6E400E2A229 /* Resources */ = {
			isa = PBXGroup;
			children = (
				4CB6CFE0296DA70C00E2A229 /* UnderTheDome.json */,
				4CB6CFE9296DABC800E2A229 /* UnderTheDome-EP1.json */,
				4CB6CFF7296DB94000E2A229 /* UnderTheDomeSchedule.json */,
				4CB6CFFB296DBA4E00E2A229 /* UnderTheDomeImage.json */,
			);
			path = Resources;
			sourceTree = "<group>";
		};
		4CB6CFE2296DA77A00E2A229 /* Models */ = {
			isa = PBXGroup;
			children = (
				4CB6CFE3296DA79300E2A229 /* TVShowTests.swift */,
				4CB6CFE7296DAB6500E2A229 /* TVShowEpisodeTests.swift */,
				4CB6CFF5296DB91100E2A229 /* TVShowScheduleTests.swift */,
			);
			path = Models;
			sourceTree = "<group>";
		};
		4CB6CFEB296DAC6300E2A229 /* APIClient */ = {
			isa = PBXGroup;
			children = (
				4CB6CFEE296DAD5D00E2A229 /* TVMazeEndpoint.swift */,
				4CB6CFF0296DAE0200E2A229 /* TVMazeRequest.swift */,
				4C625382296DBECB006AC733 /* TVMazeService.swift */,
				4C6C258C296EEEA00004FB3F /* TVMazePathComponents.swift */,
				4C6C258E296EEF3B0004FB3F /* TVMazeQueryItems.swift */,
				4C6C2595296F32A30004FB3F /* TVMazeFuzzySearchResults.swift */,
			);
			path = APIClient;
			sourceTree = "<group>";
		};
		4CB6CFF2296DAFD800E2A229 /* APIClient */ = {
			isa = PBXGroup;
			children = (
				4CB6CFF3296DAFF900E2A229 /* TVMazeRequestTests.swift */,
				4CB6CFF9296DB9FC00E2A229 /* TVMazeImageTests.swift */,
				4C62539A296E0885006AC733 /* TVMazeServiceTests.swift */,
			);
			path = APIClient;
			sourceTree = "<group>";
		};
		4CD26F9029719845002A75F6 /* Factories */ = {
			isa = PBXGroup;
			children = (
				4CD26F8C29719721002A75F6 /* TVShowsPeopleViewControllerFactory.swift */,
			);
			path = Factories;
			sourceTree = "<group>";
		};
		4CD26F912971984D002A75F6 /* Factories */ = {
			isa = PBXGroup;
			children = (
				4CD26F8E29719763002A75F6 /* FavoriteTVShowsViewControllerFactory.swift */,
				4CD26FA32971B23F002A75F6 /* FavoriteShowsListViewFactory.swift */,
				4CD26FA92971B63E002A75F6 /* FavoriteShowsListTableCellViewModelFactory.swift */,
			);
			path = Factories;
			sourceTree = "<group>";
		};
		4CD26F942971A069002A75F6 /* Views */ = {
			isa = PBXGroup;
			children = (
				4CD26F962971A0F0002A75F6 /* FavoriteShowsListView.swift */,
				4CD26F9D2971A9AB002A75F6 /* FavoriteShowsListTableViewCell.swift */,
			);
			path = Views;
			sourceTree = "<group>";
		};
		4CD26F952971A072002A75F6 /* ViewModels */ = {
			isa = PBXGroup;
			children = (
				4CD26F982971A205002A75F6 /* FavoriteShowsListViewModel.swift */,
				4CD26FA12971AB18002A75F6 /* FavoriteShowsListTableCellViewModel.swift */,
			);
			path = ViewModels;
			sourceTree = "<group>";
		};
		4CD26F9A2971A910002A75F6 /* Adapters */ = {
			isa = PBXGroup;
			children = (
				4CD26F9B2971A933002A75F6 /* FavoriteShowsListTableViewAdapter.swift */,
			);
			path = Adapters;
			sourceTree = "<group>";
		};
		4CD26FAB2971CDC9002A75F6 /* Authentication */ = {
			isa = PBXGroup;
			children = (
				4CEFD3FF29721485007C9694 /* ViewModels */,
				4CEFD3E22971EFA1007C9694 /* Views */,
				4CD26FB42971D92D002A75F6 /* Factories */,
				4CD26FAF2971D674002A75F6 /* Controllers */,
				4CD26FAC2971CEAC002A75F6 /* Services */,
			);
			path = Authentication;
			sourceTree = "<group>";
		};
		4CD26FAC2971CEAC002A75F6 /* Services */ = {
			isa = PBXGroup;
			children = (
				4CD26FAD2971CEB9002A75F6 /* BiometricAuthenticationService.swift */,
				4CEFD3EB297201E1007C9694 /* UserDefaultsPasscodeStorage.swift */,
			);
			path = Services;
			sourceTree = "<group>";
		};
		4CD26FAF2971D674002A75F6 /* Controllers */ = {
			isa = PBXGroup;
			children = (
				4CD26FB02971D693002A75F6 /* AuthenticationViewController.swift */,
				4CEFD3F129720A0C007C9694 /* RegisterPasscodeViewController.swift */,
				4CEFD3F329720C25007C9694 /* ConfirmPasscodeViewController.swift */,
			);
			path = Controllers;
			sourceTree = "<group>";
		};
		4CD26FB42971D92D002A75F6 /* Factories */ = {
			isa = PBXGroup;
			children = (
				4CD26FB52971D96A002A75F6 /* AuthenticationViewControllerFactory.swift */,
				4CEFD3F529720D4A007C9694 /* RegisterPasscodeViewControllerFactory.swift */,
				4CEFD3F729720DFD007C9694 /* RegisterPasscodeViewFactory.swift */,
				4CEFD3F929720E19007C9694 /* ConfirmPasscodeViewControllerFactory.swift */,
				4CEFD3FB29720E50007C9694 /* ConfirmPasscodeViewFactory.swift */,
			);
			path = Factories;
			sourceTree = "<group>";
		};
		4CD26FB92971DB0B002A75F6 /* MainCoordinators */ = {
			isa = PBXGroup;
			children = (
				4CD26FB72971DAF6002A75F6 /* AppCoordinator.swift */,
				4CAE89B3297113C400083877 /* TabCoordinator.swift */,
			);
			path = MainCoordinators;
			sourceTree = "<group>";
		};
		4CD26FBA2971DB19002A75F6 /* Protocols */ = {
			isa = PBXGroup;
			children = (
				4CAE89B12971136200083877 /* Coordinated.swift */,
				4CAE89A0297105A300083877 /* Coordinator.swift */,
				4CAE89AF2971114600083877 /* FlowCoordinator.swift */,
				4CAE89A2297107A100083877 /* FlowRoute.swift */,
				4CAE89AC297110F200083877 /* MainCoordinator.swift */,
			);
			path = Protocols;
			sourceTree = "<group>";
		};
		4CEFD3E22971EFA1007C9694 /* Views */ = {
			isa = PBXGroup;
			children = (
				4CEFD3E32971EFB7007C9694 /* PasscodeInputView.swift */,
				4CEFD3E92971F9A3007C9694 /* PasscodePinView.swift */,
				4CEFD3ED29720377007C9694 /* RegisterPasscodeView.swift */,
				4CEFD3EF297208A8007C9694 /* ConfirmPasscodeView.swift */,
			);
			path = Views;
			sourceTree = "<group>";
		};
		4CEFD3FF29721485007C9694 /* ViewModels */ = {
			isa = PBXGroup;
			children = (
				4CEFD3FD29721419007C9694 /* ConfirmPasscodeViewModel.swift */,
			);
			path = ViewModels;
			sourceTree = "<group>";
		};
/* End PBXGroup section */

/* Begin PBXNativeTarget section */
		4CB6CFA6296D9EE900E2A229 /* TVShows */ = {
			isa = PBXNativeTarget;
			buildConfigurationList = 4CB6CFD1296D9EEB00E2A229 /* Build configuration list for PBXNativeTarget "TVShows" */;
			buildPhases = (
				4CB6CFA3296D9EE900E2A229 /* Sources */,
				4CB6CFA4296D9EE900E2A229 /* Frameworks */,
				4CB6CFA5296D9EE900E2A229 /* Resources */,
			);
			buildRules = (
			);
			dependencies = (
			);
			name = TVShows;
			productName = TVShows;
			productReference = 4CB6CFA7296D9EE900E2A229 /* TVShows.app */;
			productType = "com.apple.product-type.application";
		};
		4CB6CFBC296D9EEB00E2A229 /* TVShowsTests */ = {
			isa = PBXNativeTarget;
			buildConfigurationList = 4CB6CFD4296D9EEB00E2A229 /* Build configuration list for PBXNativeTarget "TVShowsTests" */;
			buildPhases = (
				4CB6CFB9296D9EEB00E2A229 /* Sources */,
				4CB6CFBA296D9EEB00E2A229 /* Frameworks */,
				4CB6CFBB296D9EEB00E2A229 /* Resources */,
			);
			buildRules = (
			);
			dependencies = (
				4CB6CFBF296D9EEB00E2A229 /* PBXTargetDependency */,
			);
			name = TVShowsTests;
			productName = TVShowsTests;
			productReference = 4CB6CFBD296D9EEB00E2A229 /* TVShowsTests.xctest */;
			productType = "com.apple.product-type.bundle.unit-test";
		};
/* End PBXNativeTarget section */

/* Begin PBXProject section */
		4CB6CF9F296D9EE900E2A229 /* Project object */ = {
			isa = PBXProject;
			attributes = {
				BuildIndependentTargetsInParallel = 1;
				LastSwiftUpdateCheck = 1420;
				LastUpgradeCheck = 1420;
				TargetAttributes = {
					4CB6CFA6296D9EE900E2A229 = {
						CreatedOnToolsVersion = 14.2;
					};
					4CB6CFBC296D9EEB00E2A229 = {
						CreatedOnToolsVersion = 14.2;
						TestTargetID = 4CB6CFA6296D9EE900E2A229;
					};
				};
			};
			buildConfigurationList = 4CB6CFA2296D9EE900E2A229 /* Build configuration list for PBXProject "TVShows" */;
			compatibilityVersion = "Xcode 14.0";
			developmentRegion = en;
			hasScannedForEncodings = 0;
			knownRegions = (
				en,
				Base,
			);
			mainGroup = 4CB6CF9E296D9EE900E2A229;
			productRefGroup = 4CB6CFA8296D9EE900E2A229 /* Products */;
			projectDirPath = "";
			projectRoot = "";
			targets = (
				4CB6CFA6296D9EE900E2A229 /* TVShows */,
				4CB6CFBC296D9EEB00E2A229 /* TVShowsTests */,
			);
		};
/* End PBXProject section */

/* Begin PBXResourcesBuildPhase section */
		4CB6CFA5296D9EE900E2A229 /* Resources */ = {
			isa = PBXResourcesBuildPhase;
			buildActionMask = 2147483647;
			files = (
				4CB6CFB7296D9EEB00E2A229 /* LaunchScreen.storyboard in Resources */,
				4CB6CFB4296D9EEB00E2A229 /* Assets.xcassets in Resources */,
			);
			runOnlyForDeploymentPostprocessing = 0;
		};
		4CB6CFBB296D9EEB00E2A229 /* Resources */ = {
			isa = PBXResourcesBuildPhase;
			buildActionMask = 2147483647;
			files = (
				4CB6CFE1296DA70C00E2A229 /* UnderTheDome.json in Resources */,
				4CB6CFFC296DBA4E00E2A229 /* UnderTheDomeImage.json in Resources */,
				4CB6CFEA296DABC800E2A229 /* UnderTheDome-EP1.json in Resources */,
				4CB6CFF8296DB94000E2A229 /* UnderTheDomeSchedule.json in Resources */,
			);
			runOnlyForDeploymentPostprocessing = 0;
		};
/* End PBXResourcesBuildPhase section */

/* Begin PBXSourcesBuildPhase section */
		4CB6CFA3296D9EE900E2A229 /* Sources */ = {
			isa = PBXSourcesBuildPhase;
			buildActionMask = 2147483647;
			files = (
				4CD26FA42971B23F002A75F6 /* FavoriteShowsListViewFactory.swift in Sources */,
				4CB6CFAF296D9EE900E2A229 /* TVShowsListViewController.swift in Sources */,
				4CEFD3F829720DFD007C9694 /* RegisterPasscodeViewFactory.swift in Sources */,
				4C08F1762970A0AE00FDA2C9 /* TVShowDetailsInfoSeasonHeaderViewModel.swift in Sources */,
				4C6C25AD296F7C720004FB3F /* TVMazeRating.swift in Sources */,
				4C6C25A3296F64190004FB3F /* TVShowsListViewControllerFactory.swift in Sources */,
				4CB6CFAB296D9EE900E2A229 /* AppDelegate.swift in Sources */,
				4CB6CFE6296DAB4900E2A229 /* TVShowEpisode.swift in Sources */,
				4CAE89B4297113C400083877 /* TabCoordinator.swift in Sources */,
				4CD26FB32971D7EE002A75F6 /* AuthenticationFlowCoordinator.swift in Sources */,
				4C6C25AF296F7F9A0004FB3F /* Date+.swift in Sources */,
				4C08F1742970889A00FDA2C9 /* TVShowDetailsInfoSeasonHeaderView.swift in Sources */,
				4CD26FB82971DAF6002A75F6 /* AppCoordinator.swift in Sources */,
				4CAE89B72971161000083877 /* ShowsFlowCoordinator.swift in Sources */,
				4CB6CFF1296DAE0200E2A229 /* TVMazeRequest.swift in Sources */,
				4CD26FB12971D693002A75F6 /* AuthenticationViewController.swift in Sources */,
				4CEFD3EE29720377007C9694 /* RegisterPasscodeView.swift in Sources */,
				4CEFD3F629720D4A007C9694 /* RegisterPasscodeViewControllerFactory.swift in Sources */,
				4CEFD3E82971F938007C9694 /* UIStackView+.swift in Sources */,
				4CEFD3F229720A0C007C9694 /* RegisterPasscodeViewController.swift in Sources */,
				4C08F1802970BEA900FDA2C9 /* TVShowEpisodeDetailsViewModel.swift in Sources */,
				4CAE89A729710A0300083877 /* TVShowsPeopleViewController.swift in Sources */,
				4C6C25B3296FA3E30004FB3F /* StretchyImageHeaderView.swift in Sources */,
				4CAE89AD297110F200083877 /* MainCoordinator.swift in Sources */,
				4C6253BA296E2EEE006AC733 /* TVShowsListCollectionViewCellViewModel.swift in Sources */,
				4C6253B2296E265C006AC733 /* UIView+.swift in Sources */,
				4CD26FA22971AB18002A75F6 /* FavoriteShowsListTableCellViewModel.swift in Sources */,
				4C6C25B7296FAA8F0004FB3F /* TVShowDetailsViewCollectionViewAdapter.swift in Sources */,
				4C08F17C2970BE2A00FDA2C9 /* TVShowEpisodeDetailsViewControllerFactory.swift in Sources */,
				4CB6CFDE296DA64600E2A229 /* TVShowSchedule.swift in Sources */,
				4C6253D0296E4658006AC733 /* UIFont+.swift in Sources */,
				4C6253A4296E174D006AC733 /* CachedImageLoader.swift in Sources */,
				4CD26F9C2971A933002A75F6 /* FavoriteShowsListTableViewAdapter.swift in Sources */,
				4C08F1872970DD9600FDA2C9 /* CoreDataStore.swift in Sources */,
				4C6253D6296E4FB7006AC733 /* LoadingCollectionViewFooter.swift in Sources */,
				4CD26FAE2971CEB9002A75F6 /* BiometricAuthenticationService.swift in Sources */,
				4CEFD3EA2971F9A3007C9694 /* PasscodePinView.swift in Sources */,
				4CEFD3FE29721419007C9694 /* ConfirmPasscodeViewModel.swift in Sources */,
				4C6C25A7296F68330004FB3F /* TVShowDetailsViewControllerFactory.swift in Sources */,
				4CB6CFEF296DAD5D00E2A229 /* TVMazeEndpoint.swift in Sources */,
				4C6C25A9296F685B0004FB3F /* TVShowDetailsViewFactory.swift in Sources */,
				4C6253B8296E2B57006AC733 /* UICollectionView+.swift in Sources */,
				4C08F18E2970DF2B00FDA2C9 /* CoreDataModel.xcdatamodeld in Sources */,
				4CEFD3FA29720E19007C9694 /* ConfirmPasscodeViewControllerFactory.swift in Sources */,
				4CD26F9E2971A9AB002A75F6 /* FavoriteShowsListTableViewCell.swift in Sources */,
				4CB6CFED296DAC7100E2A229 /* TVMazeImage.swift in Sources */,
				4CD26F8F29719763002A75F6 /* FavoriteTVShowsViewControllerFactory.swift in Sources */,
				4CD26F972971A0F0002A75F6 /* FavoriteShowsListView.swift in Sources */,
				4C6C2599296F421B0004FB3F /* TVShowDetailsViewController.swift in Sources */,
				4CEFD3F429720C25007C9694 /* ConfirmPasscodeViewController.swift in Sources */,
				4C6253B6296E2B18006AC733 /* TVShowsListCollectionViewCell.swift in Sources */,
				4CD26F8D29719721002A75F6 /* TVShowsPeopleViewControllerFactory.swift in Sources */,
				4CB6CFDC296DA16B00E2A229 /* TVShow.swift in Sources */,
				4C6C2596296F32A30004FB3F /* TVMazeFuzzySearchResults.swift in Sources */,
				4CD26F992971A205002A75F6 /* FavoriteShowsListViewModel.swift in Sources */,
				4CEFD3F0297208A8007C9694 /* ConfirmPasscodeView.swift in Sources */,
				4C625383296DBECB006AC733 /* TVMazeService.swift in Sources */,
				4CEFD3FC29720E50007C9694 /* ConfirmPasscodeViewFactory.swift in Sources */,
				4C6C25A0296F5E200004FB3F /* TVShowListViewCollectionViewAdapter.swift in Sources */,
				4C08F17A2970B08100FDA2C9 /* TVShowEpisodeDetailsViewController.swift in Sources */,
				4CB6CFAD296D9EE900E2A229 /* SceneDelegate.swift in Sources */,
				4C6253B4296E2A8B006AC733 /* ReusableView.swift in Sources */,
				4C6C25B1296F84DD0004FB3F /* CircularProgressIndicatorView.swift in Sources */,
				4C625394296DF775006AC733 /* URLSession+.swift in Sources */,
				4C6253B0296E2040006AC733 /* TVShowsListViewModel.swift in Sources */,
				4CAE89BB2971164600083877 /* FavoritesFlowCoordinator.swift in Sources */,
				4C6C25AB296F69BA0004FB3F /* TVShowsListSearchController.swift in Sources */,
				4CAE89B92971162700083877 /* PeopleFlowCoordinator.swift in Sources */,
				4C6C258F296EEF3B0004FB3F /* TVMazeQueryItems.swift in Sources */,
				4C625388296DEF39006AC733 /* NetworkSession.swift in Sources */,
				4C6253AC296E1E94006AC733 /* TVShowsListView.swift in Sources */,
				4C62539F296E0E5F006AC733 /* JSONDecoder+.swift in Sources */,
				4CD26FAA2971B63E002A75F6 /* FavoriteShowsListTableCellViewModelFactory.swift in Sources */,
				4C625391296DF719006AC733 /* NetworkSessionURLSession.swift in Sources */,
				4C08F1852970DD4300FDA2C9 /* DataPersisting.swift in Sources */,
				4CAE89B02971114600083877 /* FlowCoordinator.swift in Sources */,
				4C6C2591296EF8550004FB3F /* String+.swift in Sources */,
				4CEFD3EC297201E1007C9694 /* UserDefaultsPasscodeStorage.swift in Sources */,
				4CD26FB62971D96A002A75F6 /* AuthenticationViewControllerFactory.swift in Sources */,
				4C62539D296E0DFC006AC733 /* JSONDecoding.swift in Sources */,
				4CAE89AB29710A5800083877 /* FavoriteTVShowsViewController.swift in Sources */,
				4C6C258D296EEEA00004FB3F /* TVMazePathComponents.swift in Sources */,
				4CAE89A1297105A300083877 /* Coordinator.swift in Sources */,
				4CD26FA62971B53C002A75F6 /* TVShowsListCollectionViewCellViewModelFactory.swift in Sources */,
				4C08F1822970C6EB00FDA2C9 /* TVShowEpisodeDetailsViewFactory.swift in Sources */,
				4CAE89B22971136200083877 /* Coordinated.swift in Sources */,
				4CD26FA02971AA29002A75F6 /* UITableView+.swift in Sources */,
				4C6C25A5296F64AC0004FB3F /* TVShowsListViewFactory.swift in Sources */,
				4C6C259B296F46BA0004FB3F /* TVShowDetailsView.swift in Sources */,
				4C08F17E2970BE6600FDA2C9 /* TVShowEpisodeDetailsView.swift in Sources */,
				4CEFD3E42971EFB7007C9694 /* PasscodeInputView.swift in Sources */,
				4C6C259D296F46D10004FB3F /* TVShowDetailsViewModel.swift in Sources */,
				4C625386296DEEB7006AC733 /* NetworkRequesting.swift in Sources */,
				4CAE89A3297107A100083877 /* FlowRoute.swift in Sources */,
				4CD26F9329719B08002A75F6 /* CoreDataModeling.swift in Sources */,
				4C6C25B9296FAE0B0004FB3F /* TVShowDetailsInfoCollectionViewCell.swift in Sources */,
			);
			runOnlyForDeploymentPostprocessing = 0;
		};
		4CB6CFB9296D9EEB00E2A229 /* Sources */ = {
			isa = PBXSourcesBuildPhase;
			buildActionMask = 2147483647;
			files = (
				4C6253C5296E3D24006AC733 /* ImageLoaderStub.swift in Sources */,
				4CB6CFF4296DAFF900E2A229 /* TVMazeRequestTests.swift in Sources */,
				4C62538C296DF192006AC733 /* NetworkSessionSpy.swift in Sources */,
				4C6253CC296E4125006AC733 /* TVMazeAPIServiceSpy.swift in Sources */,
				4C6253C7296E3E13006AC733 /* TVShowsListCollectionViewCellTests.swift in Sources */,
				4C6253C3296E3BCA006AC733 /* TVShowsListCollectionViewCellViewModelSpy.swift in Sources */,
				4CB6CFFA296DB9FC00E2A229 /* TVMazeImageTests.swift in Sources */,
				4C6253BF296E387A006AC733 /* TVShowsListViewTests.swift in Sources */,
				4CB6CFE8296DAB6500E2A229 /* TVShowEpisodeTests.swift in Sources */,
				4C08F1782970AF7200FDA2C9 /* TVShowListViewCollectionViewAdapterSpy.swift in Sources */,
				4C62539B296E0885006AC733 /* TVMazeServiceTests.swift in Sources */,
				4C6253CA296E40F8006AC733 /* TVShowsListViewModelTests.swift in Sources */,
				4CB6CFE4296DA79300E2A229 /* TVShowTests.swift in Sources */,
				4C6C2593296F065C0004FB3F /* TVShowsListViewModelDelegateSpy.swift in Sources */,
				4C6253A1296E0EEF006AC733 /* JSONDecoderStub.swift in Sources */,
				4C625397296DFBD8006AC733 /* NetworkSessionTests.swift in Sources */,
				4C6253A6296E1A71006AC733 /* CachedImageLoaderTests.swift in Sources */,
				4C6253C1296E3899006AC733 /* TVShowsListViewModelSpy.swift in Sources */,
				4C6253CE296E42AF006AC733 /* TVShowsListCollectionViewCellViewModelTests.swift in Sources */,
				4C62538F296DF450006AC733 /* NetworkURLSessionStub.swift in Sources */,
				4CB6CFF6296DB91100E2A229 /* TVShowScheduleTests.swift in Sources */,
				4C625399296E0400006AC733 /* Fixtures.swift in Sources */,
			);
			runOnlyForDeploymentPostprocessing = 0;
		};
/* End PBXSourcesBuildPhase section */

/* Begin PBXTargetDependency section */
		4CB6CFBF296D9EEB00E2A229 /* PBXTargetDependency */ = {
			isa = PBXTargetDependency;
			target = 4CB6CFA6296D9EE900E2A229 /* TVShows */;
			targetProxy = 4CB6CFBE296D9EEB00E2A229 /* PBXContainerItemProxy */;
		};
/* End PBXTargetDependency section */

/* Begin PBXVariantGroup section */
		4CB6CFB5296D9EEB00E2A229 /* LaunchScreen.storyboard */ = {
			isa = PBXVariantGroup;
			children = (
				4CB6CFB6296D9EEB00E2A229 /* Base */,
			);
			name = LaunchScreen.storyboard;
			sourceTree = "<group>";
		};
/* End PBXVariantGroup section */

/* Begin XCBuildConfiguration section */
		4CB6CFCF296D9EEB00E2A229 /* Debug */ = {
			isa = XCBuildConfiguration;
			buildSettings = {
				ALWAYS_SEARCH_USER_PATHS = NO;
				CLANG_ANALYZER_NONNULL = YES;
				CLANG_ANALYZER_NUMBER_OBJECT_CONVERSION = YES_AGGRESSIVE;
				CLANG_CXX_LANGUAGE_STANDARD = "gnu++20";
				CLANG_ENABLE_MODULES = YES;
				CLANG_ENABLE_OBJC_ARC = YES;
				CLANG_ENABLE_OBJC_WEAK = YES;
				CLANG_WARN_BLOCK_CAPTURE_AUTORELEASING = YES;
				CLANG_WARN_BOOL_CONVERSION = YES;
				CLANG_WARN_COMMA = YES;
				CLANG_WARN_CONSTANT_CONVERSION = YES;
				CLANG_WARN_DEPRECATED_OBJC_IMPLEMENTATIONS = YES;
				CLANG_WARN_DIRECT_OBJC_ISA_USAGE = YES_ERROR;
				CLANG_WARN_DOCUMENTATION_COMMENTS = YES;
				CLANG_WARN_EMPTY_BODY = YES;
				CLANG_WARN_ENUM_CONVERSION = YES;
				CLANG_WARN_INFINITE_RECURSION = YES;
				CLANG_WARN_INT_CONVERSION = YES;
				CLANG_WARN_NON_LITERAL_NULL_CONVERSION = YES;
				CLANG_WARN_OBJC_IMPLICIT_RETAIN_SELF = YES;
				CLANG_WARN_OBJC_LITERAL_CONVERSION = YES;
				CLANG_WARN_OBJC_ROOT_CLASS = YES_ERROR;
				CLANG_WARN_QUOTED_INCLUDE_IN_FRAMEWORK_HEADER = YES;
				CLANG_WARN_RANGE_LOOP_ANALYSIS = YES;
				CLANG_WARN_STRICT_PROTOTYPES = YES;
				CLANG_WARN_SUSPICIOUS_MOVE = YES;
				CLANG_WARN_UNGUARDED_AVAILABILITY = YES_AGGRESSIVE;
				CLANG_WARN_UNREACHABLE_CODE = YES;
				CLANG_WARN__DUPLICATE_METHOD_MATCH = YES;
				COPY_PHASE_STRIP = NO;
				DEBUG_INFORMATION_FORMAT = dwarf;
				ENABLE_STRICT_OBJC_MSGSEND = YES;
				ENABLE_TESTABILITY = YES;
				GCC_C_LANGUAGE_STANDARD = gnu11;
				GCC_DYNAMIC_NO_PIC = NO;
				GCC_NO_COMMON_BLOCKS = YES;
				GCC_OPTIMIZATION_LEVEL = 0;
				GCC_PREPROCESSOR_DEFINITIONS = (
					"DEBUG=1",
					"$(inherited)",
				);
				GCC_WARN_64_TO_32_BIT_CONVERSION = YES;
				GCC_WARN_ABOUT_RETURN_TYPE = YES_ERROR;
				GCC_WARN_PEDANTIC = YES;
				GCC_WARN_UNDECLARED_SELECTOR = YES;
				GCC_WARN_UNINITIALIZED_AUTOS = YES_AGGRESSIVE;
				GCC_WARN_UNUSED_FUNCTION = YES;
				GCC_WARN_UNUSED_VARIABLE = YES;
				IPHONEOS_DEPLOYMENT_TARGET = 16.2;
				MTL_ENABLE_DEBUG_INFO = INCLUDE_SOURCE;
				MTL_FAST_MATH = YES;
				ONLY_ACTIVE_ARCH = YES;
				SDKROOT = iphoneos;
				SWIFT_ACTIVE_COMPILATION_CONDITIONS = DEBUG;
				SWIFT_OPTIMIZATION_LEVEL = "-Onone";
				SWIFT_STRICT_CONCURRENCY = complete;
			};
			name = Debug;
		};
		4CB6CFD0296D9EEB00E2A229 /* Release */ = {
			isa = XCBuildConfiguration;
			buildSettings = {
				ALWAYS_SEARCH_USER_PATHS = NO;
				CLANG_ANALYZER_NONNULL = YES;
				CLANG_ANALYZER_NUMBER_OBJECT_CONVERSION = YES_AGGRESSIVE;
				CLANG_CXX_LANGUAGE_STANDARD = "gnu++20";
				CLANG_ENABLE_MODULES = YES;
				CLANG_ENABLE_OBJC_ARC = YES;
				CLANG_ENABLE_OBJC_WEAK = YES;
				CLANG_WARN_BLOCK_CAPTURE_AUTORELEASING = YES;
				CLANG_WARN_BOOL_CONVERSION = YES;
				CLANG_WARN_COMMA = YES;
				CLANG_WARN_CONSTANT_CONVERSION = YES;
				CLANG_WARN_DEPRECATED_OBJC_IMPLEMENTATIONS = YES;
				CLANG_WARN_DIRECT_OBJC_ISA_USAGE = YES_ERROR;
				CLANG_WARN_DOCUMENTATION_COMMENTS = YES;
				CLANG_WARN_EMPTY_BODY = YES;
				CLANG_WARN_ENUM_CONVERSION = YES;
				CLANG_WARN_INFINITE_RECURSION = YES;
				CLANG_WARN_INT_CONVERSION = YES;
				CLANG_WARN_NON_LITERAL_NULL_CONVERSION = YES;
				CLANG_WARN_OBJC_IMPLICIT_RETAIN_SELF = YES;
				CLANG_WARN_OBJC_LITERAL_CONVERSION = YES;
				CLANG_WARN_OBJC_ROOT_CLASS = YES_ERROR;
				CLANG_WARN_QUOTED_INCLUDE_IN_FRAMEWORK_HEADER = YES;
				CLANG_WARN_RANGE_LOOP_ANALYSIS = YES;
				CLANG_WARN_STRICT_PROTOTYPES = YES;
				CLANG_WARN_SUSPICIOUS_MOVE = YES;
				CLANG_WARN_UNGUARDED_AVAILABILITY = YES_AGGRESSIVE;
				CLANG_WARN_UNREACHABLE_CODE = YES;
				CLANG_WARN__DUPLICATE_METHOD_MATCH = YES;
				COPY_PHASE_STRIP = NO;
				DEBUG_INFORMATION_FORMAT = "dwarf-with-dsym";
				ENABLE_NS_ASSERTIONS = NO;
				ENABLE_STRICT_OBJC_MSGSEND = YES;
				GCC_C_LANGUAGE_STANDARD = gnu11;
				GCC_NO_COMMON_BLOCKS = YES;
				GCC_WARN_64_TO_32_BIT_CONVERSION = YES;
				GCC_WARN_ABOUT_RETURN_TYPE = YES_ERROR;
				GCC_WARN_PEDANTIC = YES;
				GCC_WARN_UNDECLARED_SELECTOR = YES;
				GCC_WARN_UNINITIALIZED_AUTOS = YES_AGGRESSIVE;
				GCC_WARN_UNUSED_FUNCTION = YES;
				GCC_WARN_UNUSED_VARIABLE = YES;
				IPHONEOS_DEPLOYMENT_TARGET = 16.2;
				MTL_ENABLE_DEBUG_INFO = NO;
				MTL_FAST_MATH = YES;
				SDKROOT = iphoneos;
				SWIFT_COMPILATION_MODE = wholemodule;
				SWIFT_OPTIMIZATION_LEVEL = "-O";
				SWIFT_STRICT_CONCURRENCY = complete;
				VALIDATE_PRODUCT = YES;
			};
			name = Release;
		};
		4CB6CFD2296D9EEB00E2A229 /* Debug */ = {
			isa = XCBuildConfiguration;
			buildSettings = {
				ASSETCATALOG_COMPILER_APPICON_NAME = AppIcon;
				ASSETCATALOG_COMPILER_GLOBAL_ACCENT_COLOR_NAME = AccentColor;
				CODE_SIGN_STYLE = Automatic;
				CURRENT_PROJECT_VERSION = 1;
				DEVELOPMENT_TEAM = H7BM7N56V5;
				GENERATE_INFOPLIST_FILE = YES;
				INFOPLIST_FILE = TVShows/Resources/Info.plist;
				INFOPLIST_KEY_UIApplicationSupportsIndirectInputEvents = YES;
				INFOPLIST_KEY_UILaunchStoryboardName = LaunchScreen;
				INFOPLIST_KEY_UISupportedInterfaceOrientations_iPad = "UIInterfaceOrientationPortrait UIInterfaceOrientationPortraitUpsideDown UIInterfaceOrientationLandscapeLeft UIInterfaceOrientationLandscapeRight";
				INFOPLIST_KEY_UISupportedInterfaceOrientations_iPhone = "UIInterfaceOrientationPortrait UIInterfaceOrientationLandscapeLeft UIInterfaceOrientationLandscapeRight";
				LD_RUNPATH_SEARCH_PATHS = (
					"$(inherited)",
					"@executable_path/Frameworks",
				);
				MARKETING_VERSION = 1.0;
				PRODUCT_BUNDLE_IDENTIFIER = com.vcoutasso.TVShows;
				PRODUCT_NAME = "$(TARGET_NAME)";
				SWIFT_EMIT_LOC_STRINGS = YES;
				SWIFT_STRICT_CONCURRENCY = targeted;
				SWIFT_VERSION = 5.0;
				TARGETED_DEVICE_FAMILY = "1,2";
			};
			name = Debug;
		};
		4CB6CFD3296D9EEB00E2A229 /* Release */ = {
			isa = XCBuildConfiguration;
			buildSettings = {
				ASSETCATALOG_COMPILER_APPICON_NAME = AppIcon;
				ASSETCATALOG_COMPILER_GLOBAL_ACCENT_COLOR_NAME = AccentColor;
				CODE_SIGN_STYLE = Automatic;
				CURRENT_PROJECT_VERSION = 1;
				DEVELOPMENT_TEAM = H7BM7N56V5;
				GENERATE_INFOPLIST_FILE = YES;
				INFOPLIST_FILE = TVShows/Resources/Info.plist;
				INFOPLIST_KEY_UIApplicationSupportsIndirectInputEvents = YES;
				INFOPLIST_KEY_UILaunchStoryboardName = LaunchScreen;
				INFOPLIST_KEY_UISupportedInterfaceOrientations_iPad = "UIInterfaceOrientationPortrait UIInterfaceOrientationPortraitUpsideDown UIInterfaceOrientationLandscapeLeft UIInterfaceOrientationLandscapeRight";
				INFOPLIST_KEY_UISupportedInterfaceOrientations_iPhone = "UIInterfaceOrientationPortrait UIInterfaceOrientationLandscapeLeft UIInterfaceOrientationLandscapeRight";
				LD_RUNPATH_SEARCH_PATHS = (
					"$(inherited)",
					"@executable_path/Frameworks",
				);
				MARKETING_VERSION = 1.0;
				PRODUCT_BUNDLE_IDENTIFIER = com.vcoutasso.TVShows;
				PRODUCT_NAME = "$(TARGET_NAME)";
				SWIFT_EMIT_LOC_STRINGS = YES;
				SWIFT_STRICT_CONCURRENCY = targeted;
				SWIFT_VERSION = 5.0;
				TARGETED_DEVICE_FAMILY = "1,2";
			};
			name = Release;
		};
		4CB6CFD5296D9EEB00E2A229 /* Debug */ = {
			isa = XCBuildConfiguration;
			buildSettings = {
				ALWAYS_EMBED_SWIFT_STANDARD_LIBRARIES = YES;
				BUNDLE_LOADER = "$(TEST_HOST)";
				CODE_SIGN_STYLE = Automatic;
				CURRENT_PROJECT_VERSION = 1;
				DEVELOPMENT_TEAM = H7BM7N56V5;
				GENERATE_INFOPLIST_FILE = YES;
				IPHONEOS_DEPLOYMENT_TARGET = 16.2;
				MARKETING_VERSION = 1.0;
				PRODUCT_BUNDLE_IDENTIFIER = com.vcoutasso.TVShowsTests;
				PRODUCT_NAME = "$(TARGET_NAME)";
				SWIFT_EMIT_LOC_STRINGS = NO;
				SWIFT_VERSION = 5.0;
				TARGETED_DEVICE_FAMILY = "1,2";
				TEST_HOST = "$(BUILT_PRODUCTS_DIR)/TVShows.app/$(BUNDLE_EXECUTABLE_FOLDER_PATH)/TVShows";
			};
			name = Debug;
		};
		4CB6CFD6296D9EEB00E2A229 /* Release */ = {
			isa = XCBuildConfiguration;
			buildSettings = {
				ALWAYS_EMBED_SWIFT_STANDARD_LIBRARIES = YES;
				BUNDLE_LOADER = "$(TEST_HOST)";
				CODE_SIGN_STYLE = Automatic;
				CURRENT_PROJECT_VERSION = 1;
				DEVELOPMENT_TEAM = H7BM7N56V5;
				GENERATE_INFOPLIST_FILE = YES;
				IPHONEOS_DEPLOYMENT_TARGET = 16.2;
				MARKETING_VERSION = 1.0;
				PRODUCT_BUNDLE_IDENTIFIER = com.vcoutasso.TVShowsTests;
				PRODUCT_NAME = "$(TARGET_NAME)";
				SWIFT_EMIT_LOC_STRINGS = NO;
				SWIFT_VERSION = 5.0;
				TARGETED_DEVICE_FAMILY = "1,2";
				TEST_HOST = "$(BUILT_PRODUCTS_DIR)/TVShows.app/$(BUNDLE_EXECUTABLE_FOLDER_PATH)/TVShows";
			};
			name = Release;
		};
/* End XCBuildConfiguration section */

/* Begin XCConfigurationList section */
		4CB6CFA2296D9EE900E2A229 /* Build configuration list for PBXProject "TVShows" */ = {
			isa = XCConfigurationList;
			buildConfigurations = (
				4CB6CFCF296D9EEB00E2A229 /* Debug */,
				4CB6CFD0296D9EEB00E2A229 /* Release */,
			);
			defaultConfigurationIsVisible = 0;
			defaultConfigurationName = Release;
		};
		4CB6CFD1296D9EEB00E2A229 /* Build configuration list for PBXNativeTarget "TVShows" */ = {
			isa = XCConfigurationList;
			buildConfigurations = (
				4CB6CFD2296D9EEB00E2A229 /* Debug */,
				4CB6CFD3296D9EEB00E2A229 /* Release */,
			);
			defaultConfigurationIsVisible = 0;
			defaultConfigurationName = Release;
		};
		4CB6CFD4296D9EEB00E2A229 /* Build configuration list for PBXNativeTarget "TVShowsTests" */ = {
			isa = XCConfigurationList;
			buildConfigurations = (
				4CB6CFD5296D9EEB00E2A229 /* Debug */,
				4CB6CFD6296D9EEB00E2A229 /* Release */,
			);
			defaultConfigurationIsVisible = 0;
			defaultConfigurationName = Release;
		};
/* End XCConfigurationList section */

/* Begin XCVersionGroup section */
		4C08F18B2970DF2B00FDA2C9 /* CoreDataModel.xcdatamodeld */ = {
			isa = XCVersionGroup;
			children = (
				4C08F18C2970DF2B00FDA2C9 /* CoreDataModel.xcdatamodel */,
			);
			currentVersion = 4C08F18C2970DF2B00FDA2C9 /* CoreDataModel.xcdatamodel */;
			path = CoreDataModel.xcdatamodeld;
			sourceTree = "<group>";
			versionGroupType = wrapper.xcdatamodel;
		};
/* End XCVersionGroup section */
	};
	rootObject = 4CB6CF9F296D9EE900E2A229 /* Project object */;
}
